// !$*UTF8*$!
{
	archiveVersion = 1;
	classes = {
	};
	objectVersion = 46;
	objects = {

/* Begin PBXAggregateTarget section */
		3A5E301F3FD2090EB68D31C3 /* Delay - All */ = {
			isa = PBXAggregateTarget;
			buildConfigurationList = CD5298FFCCCA9570A1DCF3C7;
			buildPhases = (
			);
			dependencies = (
				A158C711FC823B3D9BB370D4,
				9B8B7D91DD032271BC4D437A,
				BBC0CE7B6E5CF0B7101BFCFA,
				39E7CE6F7C80C4C2FDF6B343,
				7E114EE0891C68C7D1B91D35,
			);
			name = "Delay - All";
			productName = Delay;
		};
/* End PBXAggregateTarget section */

/* Begin PBXBuildFile section */
		0549F317AB586140F8B0BDF6 /* include_juce_audio_processors.mm */ = {isa = PBXBuildFile; fileRef = 453D40E9325F28199EEF3A98; };
		1E1AC4BD007C96F0583213E2 /* include_juce_audio_basics.mm */ = {isa = PBXBuildFile; fileRef = 135164E133451A63009F869C; };
		2217CFACAAE9C9B0A0305C3F /* CoreMIDI.framework */ = {isa = PBXBuildFile; fileRef = 0B44A922B90C9D69AFEEF494; };
		35B4E713C338623906FE970F /* include_juce_core.mm */ = {isa = PBXBuildFile; fileRef = 733574292BD99EBBC9BA51A5; };
		366C1A4748FF5CEC42BF803C /* include_juce_audio_plugin_client_AU_1.mm */ = {isa = PBXBuildFile; fileRef = 207B81DE2149578FE1072326; };
		3AD319D0D8AB6BA258BCE968 /* include_juce_audio_plugin_client_AU_2.mm */ = {isa = PBXBuildFile; fileRef = 1D4E57184EAB9F3A33EE9439; };
		406B76A5956F4585D216F4E8 /* RecentFilesMenuTemplate.nib */ = {isa = PBXBuildFile; fileRef = 466D76785D126856C1DFD1AA; };
		41BE4CF8F38618D23A258E5C /* VST3 */ = {isa = PBXBuildFile; fileRef = 9D088F29723BAAFE22F64D41; };
		4264F6EE0C5729749E2CD9AA /* include_juce_audio_plugin_client_ARA.cpp */ = {isa = PBXBuildFile; fileRef = C52F69612C3188018C7E948E; };
		46EEFA5AA364521DF4662BAB /* Cocoa.framework */ = {isa = PBXBuildFile; fileRef = EBCA3A9C8FA99C9849794460; };
		47349D0E7342C627729DAFAB /* Foundation.framework */ = {isa = PBXBuildFile; fileRef = BF6521CF365982524A56CBD5; };
		47E84D20D57AA50AED8E3BBA /* AudioUnit.framework */ = {isa = PBXBuildFile; fileRef = E7F7F1EF2C4891E2B5F56A6D; };
		4DF5F377108A8126FD95C1B7 /* DiscRecording.framework */ = {isa = PBXBuildFile; fileRef = EC51FB810EAAC68EA17BCF0A; };
		53111CEEC17D32A13A53E3C2 /* include_juce_dsp.mm */ = {isa = PBXBuildFile; fileRef = 27159418163BCC1A1485F090; };
		5406B0692D23D5E99F03E0AE /* include_juce_audio_plugin_client_VST3.mm */ = {isa = PBXBuildFile; fileRef = 530AE3A601D35A5CD0B60914; };
		5BF3DEA28879C08E6DA30454 /* include_juce_audio_utils.mm */ = {isa = PBXBuildFile; fileRef = 6B809C1A1535AF1B33237406; };
		62564726B5270C317E6AEF1B /* juce_VST3ManifestHelper.mm */ = {isa = PBXBuildFile; fileRef = F6900E2F0DE71C616BC105AE; settings = { COMPILER_FLAGS = "-fobjc-arc -w -DJUCE_SKIP_PRECOMPILED_HEADER"; }; };
		6541E05D0F10F9E4B2225F8D /* include_juce_audio_processors_ara.cpp */ = {isa = PBXBuildFile; fileRef = F54AD8903DDFD9A8CDCB63A8; };
		65A9FB45583F1411010F6A90 /* include_juce_core_CompilationTime.cpp */ = {isa = PBXBuildFile; fileRef = 1C0106BBF859D482CEF3F5F7; };
		67B7EB1559ED6EABEA4624B6 /* PluginProcessor.cpp */ = {isa = PBXBuildFile; fileRef = 776899EB38E5851A8AE8C645; };
		693D6B76BE02A87650A9B90E /* include_juce_gui_extra.mm */ = {isa = PBXBuildFile; fileRef = 1791E89ABC4BBC77B01CB109; };
		76FBDC14B2C4A4109A3D4B02 /* include_juce_audio_processors_lv2_libs.cpp */ = {isa = PBXBuildFile; fileRef = 6109BE2289C91863B4A5507D; };
		7ACE1EACE15DA2DE388FD60D /* include_juce_audio_plugin_client_Standalone.cpp */ = {isa = PBXBuildFile; fileRef = 8B22BF5C08A9D987F0C190D5; };
		922E2DD78675ACDD56DAD301 /* MetalKit.framework */ = {isa = PBXBuildFile; fileRef = D1199613C7624628603F4A94; settings = { ATTRIBUTES = (Weak, ); }; };
		97017E4C63D89D6001E1E0A6 /* VST3 Manifest Helper */ = {isa = PBXBuildFile; fileRef = BA394CF1C3B972E3D9891FD6; };
		983FCCF0732674F8CBCBF662 /* QuartzCore.framework */ = {isa = PBXBuildFile; fileRef = E928DA8E33FE288ECF41B3EC; };
		9B3AD86E9F7805787C98598D /* AU */ = {isa = PBXBuildFile; fileRef = C4590DA07C8F8909012EF9D2; };
		9E3B1BD7E41AE25D71C412CA /* Standalone Plugin */ = {isa = PBXBuildFile; fileRef = 244FEF8F1B59B7623869F20C; };
		A8005A9EA90E68A73B09F8A5 /* include_juce_audio_formats.mm */ = {isa = PBXBuildFile; fileRef = F1710803AFA86EA48BC295FD; };
		A95D45A090784201E0112D10 /* Shared Code */ = {isa = PBXBuildFile; fileRef = A352E191B928E673B830CDA3; };
		AA343C096B92AB4F866254FB /* WebKit.framework */ = {isa = PBXBuildFile; fileRef = E61DD4C2B59867786F1FDD9E; };
		B335D5EA880FAF4E51C4EB2C /* CoreAudio.framework */ = {isa = PBXBuildFile; fileRef = 25CFA4DF9F8F7F7E8D79B99C; };
		B6111C82B58EFCCB0E99D74C /* CoreAudioKit.framework */ = {isa = PBXBuildFile; fileRef = A0F5A79D3EA8FD5FB3B09687; };
		BFF57134FAADA73AAD494E2A /* PluginEditor.cpp */ = {isa = PBXBuildFile; fileRef = 1560C213885E8DD79DF3DB76; };
		CC597AD772A8BBFABCA08C3D /* AudioToolbox.framework */ = {isa = PBXBuildFile; fileRef = F838CEA428EBA8A8CFA9BA8C; };
		D359F88BA82AE21DBFAEFFF9 /* include_juce_events.mm */ = {isa = PBXBuildFile; fileRef = F3540A018062FCDB9DB65403; };
		DB290CB07DD3E6ACFEA7381E /* include_juce_data_structures.mm */ = {isa = PBXBuildFile; fileRef = 86AE211208AB38A2EDD47EB5; };
		E0289F9B0C55498724BCBF7E /* Security.framework */ = {isa = PBXBuildFile; fileRef = 63EB4708FA874AFA5C772A8E; };
		E6A54FCAF486AD1F297BECF2 /* Metal.framework */ = {isa = PBXBuildFile; fileRef = A3E6C096EB754EB3B306343D; settings = { ATTRIBUTES = (Weak, ); }; };
		E769CDF2EEBFE8FC676C9DBA /* include_juce_gui_basics.mm */ = {isa = PBXBuildFile; fileRef = F4ABDEE57CC957E644D89B9B; };
		E99D4F3549A676C351C8EAB5 /* IOKit.framework */ = {isa = PBXBuildFile; fileRef = 164D7C5E1E4E871D252B4804; };
		EFDD0988399092CDE9EDC369 /* Accelerate.framework */ = {isa = PBXBuildFile; fileRef = E821D5864D1825494DAE2AE2; };
		F5CAF2EAFFABC2E0F47FEE7F /* include_juce_graphics_Harfbuzz.cpp */ = {isa = PBXBuildFile; fileRef = 3F64AD457F1B82C833A689DA; };
		F99525C5E6FBFFE058A50439 /* include_juce_graphics.mm */ = {isa = PBXBuildFile; fileRef = ED3C3A1F7889897CBA620BCD; };
		FE9FFC7C838B15C17BBF8414 /* include_juce_audio_devices.mm */ = {isa = PBXBuildFile; fileRef = 2CE5E1F1CF258F07C8316852; };
/* End PBXBuildFile section */

/* Begin PBXFileReference section */
		080E22978AE95DE07869711D /* PluginEditor.h */ /* PluginEditor.h */ = {isa = PBXFileReference; lastKnownFileType = sourcecode.c.h; name = PluginEditor.h; path = ../../Source/PluginEditor.h; sourceTree = SOURCE_ROOT; };
		0B44A922B90C9D69AFEEF494 /* CoreMIDI.framework */ /* CoreMIDI.framework */ = {isa = PBXFileReference; lastKnownFileType = wrapper.framework; name = CoreMIDI.framework; path = System/Library/Frameworks/CoreMIDI.framework; sourceTree = SDKROOT; };
		0C64706DA2BD31588761F862 /* juce_audio_basics */ /* juce_audio_basics */ = {isa = PBXFileReference; lastKnownFileType = folder; name = juce_audio_basics; path = /Users/milanahuja/Documents/JUCE/modules/juce_audio_basics; sourceTree = "<absolute>"; };
		12B272BC8DBC16B0C75EF1C7 /* juce_audio_formats */ /* juce_audio_formats */ = {isa = PBXFileReference; lastKnownFileType = folder; name = juce_audio_formats; path = /Users/milanahuja/Documents/JUCE/modules/juce_audio_formats; sourceTree = "<absolute>"; };
		135164E133451A63009F869C /* include_juce_audio_basics.mm */ /* include_juce_audio_basics.mm */ = {isa = PBXFileReference; lastKnownFileType = sourcecode.cpp.objcpp; name = include_juce_audio_basics.mm; path = ../../JuceLibraryCode/include_juce_audio_basics.mm; sourceTree = SOURCE_ROOT; };
		1560C213885E8DD79DF3DB76 /* PluginEditor.cpp */ /* PluginEditor.cpp */ = {isa = PBXFileReference; lastKnownFileType = sourcecode.cpp.cpp; name = PluginEditor.cpp; path = ../../Source/PluginEditor.cpp; sourceTree = SOURCE_ROOT; };
		164D7C5E1E4E871D252B4804 /* IOKit.framework */ /* IOKit.framework */ = {isa = PBXFileReference; lastKnownFileType = wrapper.framework; name = IOKit.framework; path = System/Library/Frameworks/IOKit.framework; sourceTree = SDKROOT; };
		1791E89ABC4BBC77B01CB109 /* include_juce_gui_extra.mm */ /* include_juce_gui_extra.mm */ = {isa = PBXFileReference; lastKnownFileType = sourcecode.cpp.objcpp; name = include_juce_gui_extra.mm; path = ../../JuceLibraryCode/include_juce_gui_extra.mm; sourceTree = SOURCE_ROOT; };
		1C0106BBF859D482CEF3F5F7 /* include_juce_core_CompilationTime.cpp */ /* include_juce_core_CompilationTime.cpp */ = {isa = PBXFileReference; lastKnownFileType = sourcecode.cpp.cpp; name = include_juce_core_CompilationTime.cpp; path = ../../JuceLibraryCode/include_juce_core_CompilationTime.cpp; sourceTree = SOURCE_ROOT; };
		1D4E57184EAB9F3A33EE9439 /* include_juce_audio_plugin_client_AU_2.mm */ /* include_juce_audio_plugin_client_AU_2.mm */ = {isa = PBXFileReference; lastKnownFileType = sourcecode.cpp.objcpp; name = include_juce_audio_plugin_client_AU_2.mm; path = ../../JuceLibraryCode/include_juce_audio_plugin_client_AU_2.mm; sourceTree = SOURCE_ROOT; };
		207B81DE2149578FE1072326 /* include_juce_audio_plugin_client_AU_1.mm */ /* include_juce_audio_plugin_client_AU_1.mm */ = {isa = PBXFileReference; lastKnownFileType = sourcecode.cpp.objcpp; name = include_juce_audio_plugin_client_AU_1.mm; path = ../../JuceLibraryCode/include_juce_audio_plugin_client_AU_1.mm; sourceTree = SOURCE_ROOT; };
		244FEF8F1B59B7623869F20C /* Standalone Plugin */ = {isa = PBXFileReference; explicitFileType = wrapper.application; includeInIndex = 0; path = Delay.app; sourceTree = BUILT_PRODUCTS_DIR; };
		25CFA4DF9F8F7F7E8D79B99C /* CoreAudio.framework */ /* CoreAudio.framework */ = {isa = PBXFileReference; lastKnownFileType = wrapper.framework; name = CoreAudio.framework; path = System/Library/Frameworks/CoreAudio.framework; sourceTree = SDKROOT; };
		27159418163BCC1A1485F090 /* include_juce_dsp.mm */ /* include_juce_dsp.mm */ = {isa = PBXFileReference; lastKnownFileType = sourcecode.cpp.objcpp; name = include_juce_dsp.mm; path = ../../JuceLibraryCode/include_juce_dsp.mm; sourceTree = SOURCE_ROOT; };
		2CE5E1F1CF258F07C8316852 /* include_juce_audio_devices.mm */ /* include_juce_audio_devices.mm */ = {isa = PBXFileReference; lastKnownFileType = sourcecode.cpp.objcpp; name = include_juce_audio_devices.mm; path = ../../JuceLibraryCode/include_juce_audio_devices.mm; sourceTree = SOURCE_ROOT; };
		3F64AD457F1B82C833A689DA /* include_juce_graphics_Harfbuzz.cpp */ /* include_juce_graphics_Harfbuzz.cpp */ = {isa = PBXFileReference; lastKnownFileType = sourcecode.cpp.cpp; name = include_juce_graphics_Harfbuzz.cpp; path = ../../JuceLibraryCode/include_juce_graphics_Harfbuzz.cpp; sourceTree = SOURCE_ROOT; };
		453D40E9325F28199EEF3A98 /* include_juce_audio_processors.mm */ /* include_juce_audio_processors.mm */ = {isa = PBXFileReference; lastKnownFileType = sourcecode.cpp.objcpp; name = include_juce_audio_processors.mm; path = ../../JuceLibraryCode/include_juce_audio_processors.mm; sourceTree = SOURCE_ROOT; };
		466D76785D126856C1DFD1AA /* RecentFilesMenuTemplate.nib */ /* RecentFilesMenuTemplate.nib */ = {isa = PBXFileReference; lastKnownFileType = file.nib; name = RecentFilesMenuTemplate.nib; path = RecentFilesMenuTemplate.nib; sourceTree = SOURCE_ROOT; };
		48D77B98B5F60B4F84E55640 /* juce_dsp */ /* juce_dsp */ = {isa = PBXFileReference; lastKnownFileType = folder; name = juce_dsp; path = /Users/milanahuja/Documents/JUCE/modules/juce_dsp; sourceTree = "<absolute>"; };
		4B0871F7484E8142DC92AD1C /* juce_audio_processors */ /* juce_audio_processors */ = {isa = PBXFileReference; lastKnownFileType = folder; name = juce_audio_processors; path = /Users/milanahuja/Documents/JUCE/modules/juce_audio_processors; sourceTree = "<absolute>"; };
		4DCCC2929B40E26D4B5A1179 /* juce_core */ /* juce_core */ = {isa = PBXFileReference; lastKnownFileType = folder; name = juce_core; path = /Users/milanahuja/Documents/JUCE/modules/juce_core; sourceTree = "<absolute>"; };
		530AE3A601D35A5CD0B60914 /* include_juce_audio_plugin_client_VST3.mm */ /* include_juce_audio_plugin_client_VST3.mm */ = {isa = PBXFileReference; lastKnownFileType = sourcecode.cpp.objcpp; name = include_juce_audio_plugin_client_VST3.mm; path = ../../JuceLibraryCode/include_juce_audio_plugin_client_VST3.mm; sourceTree = SOURCE_ROOT; };
		532781FA3E4C0BF37163EDAE /* juce_gui_extra */ /* juce_gui_extra */ = {isa = PBXFileReference; lastKnownFileType = folder; name = juce_gui_extra; path = /Users/milanahuja/Documents/JUCE/modules/juce_gui_extra; sourceTree = "<absolute>"; };
		56FC993D883E64BDA110F8B8 /* Info-Standalone_Plugin.plist */ /* Info-Standalone_Plugin.plist */ = {isa = PBXFileReference; lastKnownFileType = text.plist.xml; name = "Info-Standalone_Plugin.plist"; path = "Info-Standalone_Plugin.plist"; sourceTree = SOURCE_ROOT; };
		6109BE2289C91863B4A5507D /* include_juce_audio_processors_lv2_libs.cpp */ /* include_juce_audio_processors_lv2_libs.cpp */ = {isa = PBXFileReference; lastKnownFileType = sourcecode.cpp.cpp; name = include_juce_audio_processors_lv2_libs.cpp; path = ../../JuceLibraryCode/include_juce_audio_processors_lv2_libs.cpp; sourceTree = SOURCE_ROOT; };
		63EB4708FA874AFA5C772A8E /* Security.framework */ /* Security.framework */ = {isa = PBXFileReference; lastKnownFileType = wrapper.framework; name = Security.framework; path = System/Library/Frameworks/Security.framework; sourceTree = SDKROOT; };
		693F17558BC0FA1D19BB84F3 /* juce_data_structures */ /* juce_data_structures */ = {isa = PBXFileReference; lastKnownFileType = folder; name = juce_data_structures; path = /Users/milanahuja/Documents/JUCE/modules/juce_data_structures; sourceTree = "<absolute>"; };
		6B809C1A1535AF1B33237406 /* include_juce_audio_utils.mm */ /* include_juce_audio_utils.mm */ = {isa = PBXFileReference; lastKnownFileType = sourcecode.cpp.objcpp; name = include_juce_audio_utils.mm; path = ../../JuceLibraryCode/include_juce_audio_utils.mm; sourceTree = SOURCE_ROOT; };
		70CBF5A52E7ABB0EF19D5737 /* juce_audio_plugin_client */ /* juce_audio_plugin_client */ = {isa = PBXFileReference; lastKnownFileType = folder; name = juce_audio_plugin_client; path = /Users/milanahuja/Documents/JUCE/modules/juce_audio_plugin_client; sourceTree = "<absolute>"; };
		733574292BD99EBBC9BA51A5 /* include_juce_core.mm */ /* include_juce_core.mm */ = {isa = PBXFileReference; lastKnownFileType = sourcecode.cpp.objcpp; name = include_juce_core.mm; path = ../../JuceLibraryCode/include_juce_core.mm; sourceTree = SOURCE_ROOT; };
		776899EB38E5851A8AE8C645 /* PluginProcessor.cpp */ /* PluginProcessor.cpp */ = {isa = PBXFileReference; lastKnownFileType = sourcecode.cpp.cpp; name = PluginProcessor.cpp; path = ../../Source/PluginProcessor.cpp; sourceTree = SOURCE_ROOT; };
		7D741393735CF3A15ACB1B20 /* Info-VST3_Manifest_Helper.plist */ /* Info-VST3_Manifest_Helper.plist */ = {isa = PBXFileReference; lastKnownFileType = text.plist.xml; name = "Info-VST3_Manifest_Helper.plist"; path = "Info-VST3_Manifest_Helper.plist"; sourceTree = SOURCE_ROOT; };
		8161059A3E53C3C0CA38373C /* juce_events */ /* juce_events */ = {isa = PBXFileReference; lastKnownFileType = folder; name = juce_events; path = /Users/milanahuja/Documents/JUCE/modules/juce_events; sourceTree = "<absolute>"; };
		86AE211208AB38A2EDD47EB5 /* include_juce_data_structures.mm */ /* include_juce_data_structures.mm */ = {isa = PBXFileReference; lastKnownFileType = sourcecode.cpp.objcpp; name = include_juce_data_structures.mm; path = ../../JuceLibraryCode/include_juce_data_structures.mm; sourceTree = SOURCE_ROOT; };
		8A68DF0BB568D6261C6CFE0D /* juce_gui_basics */ /* juce_gui_basics */ = {isa = PBXFileReference; lastKnownFileType = folder; name = juce_gui_basics; path = /Users/milanahuja/Documents/JUCE/modules/juce_gui_basics; sourceTree = "<absolute>"; };
		8B22BF5C08A9D987F0C190D5 /* include_juce_audio_plugin_client_Standalone.cpp */ /* include_juce_audio_plugin_client_Standalone.cpp */ = {isa = PBXFileReference; lastKnownFileType = sourcecode.cpp.cpp; name = include_juce_audio_plugin_client_Standalone.cpp; path = ../../JuceLibraryCode/include_juce_audio_plugin_client_Standalone.cpp; sourceTree = SOURCE_ROOT; };
		93582C787B958219073559B1 /* juce_graphics */ /* juce_graphics */ = {isa = PBXFileReference; lastKnownFileType = folder; name = juce_graphics; path = /Users/milanahuja/Documents/JUCE/modules/juce_graphics; sourceTree = "<absolute>"; };
		9D088F29723BAAFE22F64D41 /* VST3 */ = {isa = PBXFileReference; explicitFileType = wrapper.cfbundle; includeInIndex = 0; path = Delay.vst3; sourceTree = BUILT_PRODUCTS_DIR; };
		A0F5A79D3EA8FD5FB3B09687 /* CoreAudioKit.framework */ /* CoreAudioKit.framework */ = {isa = PBXFileReference; lastKnownFileType = wrapper.framework; name = CoreAudioKit.framework; path = System/Library/Frameworks/CoreAudioKit.framework; sourceTree = SDKROOT; };
		A352E191B928E673B830CDA3 /* Shared Code */ = {isa = PBXFileReference; explicitFileType = archive.ar; includeInIndex = 0; path = libDelay.a; sourceTree = BUILT_PRODUCTS_DIR; };
		A3E6C096EB754EB3B306343D /* Metal.framework */ /* Metal.framework */ = {isa = PBXFileReference; lastKnownFileType = wrapper.framework; name = Metal.framework; path = System/Library/Frameworks/Metal.framework; sourceTree = SDKROOT; };
		B679BFC9449FD7BFF1AE8F66 /* PluginProcessor.h */ /* PluginProcessor.h */ = {isa = PBXFileReference; lastKnownFileType = sourcecode.c.h; name = PluginProcessor.h; path = ../../Source/PluginProcessor.h; sourceTree = SOURCE_ROOT; };
		B965D242CC646E5880BED27B /* juce_audio_utils */ /* juce_audio_utils */ = {isa = PBXFileReference; lastKnownFileType = folder; name = juce_audio_utils; path = /Users/milanahuja/Documents/JUCE/modules/juce_audio_utils; sourceTree = "<absolute>"; };
		BA394CF1C3B972E3D9891FD6 /* VST3 Manifest Helper */ = {isa = PBXFileReference; explicitFileType = "compiled.mach-o.executable"; includeInIndex = 0; path = juce_vst3_helper; sourceTree = BUILT_PRODUCTS_DIR; };
		BF6521CF365982524A56CBD5 /* Foundation.framework */ /* Foundation.framework */ = {isa = PBXFileReference; lastKnownFileType = wrapper.framework; name = Foundation.framework; path = System/Library/Frameworks/Foundation.framework; sourceTree = SDKROOT; };
		C4590DA07C8F8909012EF9D2 /* AU */ = {isa = PBXFileReference; explicitFileType = wrapper.cfbundle; includeInIndex = 0; path = Delay.component; sourceTree = BUILT_PRODUCTS_DIR; };
		C52F69612C3188018C7E948E /* include_juce_audio_plugin_client_ARA.cpp */ /* include_juce_audio_plugin_client_ARA.cpp */ = {isa = PBXFileReference; lastKnownFileType = sourcecode.cpp.cpp; name = include_juce_audio_plugin_client_ARA.cpp; path = ../../JuceLibraryCode/include_juce_audio_plugin_client_ARA.cpp; sourceTree = SOURCE_ROOT; };
		CA4AFFC1224876BD381AA42D /* JucePluginDefines.h */ /* JucePluginDefines.h */ = {isa = PBXFileReference; lastKnownFileType = sourcecode.c.h; name = JucePluginDefines.h; path = ../../JuceLibraryCode/JucePluginDefines.h; sourceTree = SOURCE_ROOT; };
		D1199613C7624628603F4A94 /* MetalKit.framework */ /* MetalKit.framework */ = {isa = PBXFileReference; lastKnownFileType = wrapper.framework; name = MetalKit.framework; path = System/Library/Frameworks/MetalKit.framework; sourceTree = SDKROOT; };
		D1E25F3D046C8CF2616C6634 /* juce_audio_devices */ /* juce_audio_devices */ = {isa = PBXFileReference; lastKnownFileType = folder; name = juce_audio_devices; path = /Users/milanahuja/Documents/JUCE/modules/juce_audio_devices; sourceTree = "<absolute>"; };
		D308F9CB338C1DC171D13AB9 /* JuceHeader.h */ /* JuceHeader.h */ = {isa = PBXFileReference; lastKnownFileType = sourcecode.c.h; name = JuceHeader.h; path = ../../JuceLibraryCode/JuceHeader.h; sourceTree = SOURCE_ROOT; };
		D6991BCE3C7A40B177151E46 /* Info-VST3.plist */ /* Info-VST3.plist */ = {isa = PBXFileReference; lastKnownFileType = text.plist.xml; name = "Info-VST3.plist"; path = "Info-VST3.plist"; sourceTree = SOURCE_ROOT; };
		E61DD4C2B59867786F1FDD9E /* WebKit.framework */ /* WebKit.framework */ = {isa = PBXFileReference; lastKnownFileType = wrapper.framework; name = WebKit.framework; path = System/Library/Frameworks/WebKit.framework; sourceTree = SDKROOT; };
		E7A878D0728D6B8725C4D5D0 /* Info-AU.plist */ /* Info-AU.plist */ = {isa = PBXFileReference; lastKnownFileType = text.plist.xml; name = "Info-AU.plist"; path = "Info-AU.plist"; sourceTree = SOURCE_ROOT; };
		E7F7F1EF2C4891E2B5F56A6D /* AudioUnit.framework */ /* AudioUnit.framework */ = {isa = PBXFileReference; lastKnownFileType = wrapper.framework; name = AudioUnit.framework; path = System/Library/Frameworks/AudioUnit.framework; sourceTree = SDKROOT; };
		E821D5864D1825494DAE2AE2 /* Accelerate.framework */ /* Accelerate.framework */ = {isa = PBXFileReference; lastKnownFileType = wrapper.framework; name = Accelerate.framework; path = System/Library/Frameworks/Accelerate.framework; sourceTree = SDKROOT; };
		E928DA8E33FE288ECF41B3EC /* QuartzCore.framework */ /* QuartzCore.framework */ = {isa = PBXFileReference; lastKnownFileType = wrapper.framework; name = QuartzCore.framework; path = System/Library/Frameworks/QuartzCore.framework; sourceTree = SDKROOT; };
		EBCA3A9C8FA99C9849794460 /* Cocoa.framework */ /* Cocoa.framework */ = {isa = PBXFileReference; lastKnownFileType = wrapper.framework; name = Cocoa.framework; path = System/Library/Frameworks/Cocoa.framework; sourceTree = SDKROOT; };
		EC51FB810EAAC68EA17BCF0A /* DiscRecording.framework */ /* DiscRecording.framework */ = {isa = PBXFileReference; lastKnownFileType = wrapper.framework; name = DiscRecording.framework; path = System/Library/Frameworks/DiscRecording.framework; sourceTree = SDKROOT; };
		ED3C3A1F7889897CBA620BCD /* include_juce_graphics.mm */ /* include_juce_graphics.mm */ = {isa = PBXFileReference; lastKnownFileType = sourcecode.cpp.objcpp; name = include_juce_graphics.mm; path = ../../JuceLibraryCode/include_juce_graphics.mm; sourceTree = SOURCE_ROOT; };
		F1710803AFA86EA48BC295FD /* include_juce_audio_formats.mm */ /* include_juce_audio_formats.mm */ = {isa = PBXFileReference; lastKnownFileType = sourcecode.cpp.objcpp; name = include_juce_audio_formats.mm; path = ../../JuceLibraryCode/include_juce_audio_formats.mm; sourceTree = SOURCE_ROOT; };
		F3540A018062FCDB9DB65403 /* include_juce_events.mm */ /* include_juce_events.mm */ = {isa = PBXFileReference; lastKnownFileType = sourcecode.cpp.objcpp; name = include_juce_events.mm; path = ../../JuceLibraryCode/include_juce_events.mm; sourceTree = SOURCE_ROOT; };
		F4ABDEE57CC957E644D89B9B /* include_juce_gui_basics.mm */ /* include_juce_gui_basics.mm */ = {isa = PBXFileReference; lastKnownFileType = sourcecode.cpp.objcpp; name = include_juce_gui_basics.mm; path = ../../JuceLibraryCode/include_juce_gui_basics.mm; sourceTree = SOURCE_ROOT; };
		F54AD8903DDFD9A8CDCB63A8 /* include_juce_audio_processors_ara.cpp */ /* include_juce_audio_processors_ara.cpp */ = {isa = PBXFileReference; lastKnownFileType = sourcecode.cpp.cpp; name = include_juce_audio_processors_ara.cpp; path = ../../JuceLibraryCode/include_juce_audio_processors_ara.cpp; sourceTree = SOURCE_ROOT; };
		F6900E2F0DE71C616BC105AE /* juce_VST3ManifestHelper.mm */ /* juce_VST3ManifestHelper.mm */ = {isa = PBXFileReference; lastKnownFileType = sourcecode.cpp.objcpp; name = juce_VST3ManifestHelper.mm; path = /Users/milanahuja/Documents/JUCE/modules/juce_audio_plugin_client/VST3/juce_VST3ManifestHelper.mm; sourceTree = "<absolute>"; };
		F838CEA428EBA8A8CFA9BA8C /* AudioToolbox.framework */ /* AudioToolbox.framework */ = {isa = PBXFileReference; lastKnownFileType = wrapper.framework; name = AudioToolbox.framework; path = System/Library/Frameworks/AudioToolbox.framework; sourceTree = SDKROOT; };
/* End PBXFileReference section */

/* Begin PBXFrameworksBuildPhase section */
		12A55FA93F1C2A724A1D9E9B = {
			isa = PBXFrameworksBuildPhase;
			buildActionMask = 2147483647;
			files = (
				EFDD0988399092CDE9EDC369,
				CC597AD772A8BBFABCA08C3D,
				46EEFA5AA364521DF4662BAB,
				B335D5EA880FAF4E51C4EB2C,
				B6111C82B58EFCCB0E99D74C,
				2217CFACAAE9C9B0A0305C3F,
				4DF5F377108A8126FD95C1B7,
				47349D0E7342C627729DAFAB,
				E99D4F3549A676C351C8EAB5,
				983FCCF0732674F8CBCBF662,
				E0289F9B0C55498724BCBF7E,
				AA343C096B92AB4F866254FB,
				E6A54FCAF486AD1F297BECF2,
				922E2DD78675ACDD56DAD301,
			);
			runOnlyForDeploymentPostprocessing = 0;
		};
		551369B3A419D930F0395FCD = {
			isa = PBXFrameworksBuildPhase;
			buildActionMask = 2147483647;
			files = (
				EFDD0988399092CDE9EDC369,
				CC597AD772A8BBFABCA08C3D,
				46EEFA5AA364521DF4662BAB,
				B335D5EA880FAF4E51C4EB2C,
				B6111C82B58EFCCB0E99D74C,
				2217CFACAAE9C9B0A0305C3F,
				4DF5F377108A8126FD95C1B7,
				47349D0E7342C627729DAFAB,
				E99D4F3549A676C351C8EAB5,
				983FCCF0732674F8CBCBF662,
				E0289F9B0C55498724BCBF7E,
				AA343C096B92AB4F866254FB,
				E6A54FCAF486AD1F297BECF2,
				922E2DD78675ACDD56DAD301,
			);
			runOnlyForDeploymentPostprocessing = 0;
		};
		89FEA076592D742E0764899F = {
			isa = PBXFrameworksBuildPhase;
			buildActionMask = 2147483647;
			files = (
				EFDD0988399092CDE9EDC369,
				CC597AD772A8BBFABCA08C3D,
				46EEFA5AA364521DF4662BAB,
				B335D5EA880FAF4E51C4EB2C,
				B6111C82B58EFCCB0E99D74C,
				2217CFACAAE9C9B0A0305C3F,
				4DF5F377108A8126FD95C1B7,
				47349D0E7342C627729DAFAB,
				E99D4F3549A676C351C8EAB5,
				983FCCF0732674F8CBCBF662,
				E0289F9B0C55498724BCBF7E,
				AA343C096B92AB4F866254FB,
				E6A54FCAF486AD1F297BECF2,
				922E2DD78675ACDD56DAD301,
			);
			runOnlyForDeploymentPostprocessing = 0;
		};
		A8A97D1CC585C83A3AA33752 = {
			isa = PBXFrameworksBuildPhase;
			buildActionMask = 2147483647;
			files = (
				47E84D20D57AA50AED8E3BBA,
				EFDD0988399092CDE9EDC369,
				CC597AD772A8BBFABCA08C3D,
				46EEFA5AA364521DF4662BAB,
				B335D5EA880FAF4E51C4EB2C,
				B6111C82B58EFCCB0E99D74C,
				2217CFACAAE9C9B0A0305C3F,
				4DF5F377108A8126FD95C1B7,
				47349D0E7342C627729DAFAB,
				E99D4F3549A676C351C8EAB5,
				983FCCF0732674F8CBCBF662,
				E0289F9B0C55498724BCBF7E,
				AA343C096B92AB4F866254FB,
				E6A54FCAF486AD1F297BECF2,
				922E2DD78675ACDD56DAD301,
			);
			runOnlyForDeploymentPostprocessing = 0;
		};
/* End PBXFrameworksBuildPhase section */

/* Begin PBXGroup section */
		2C85A9C4E2CE4F92128FB554 /* JUCE Modules */ = {
			isa = PBXGroup;
			children = (
				0C64706DA2BD31588761F862,
				D1E25F3D046C8CF2616C6634,
				12B272BC8DBC16B0C75EF1C7,
				70CBF5A52E7ABB0EF19D5737,
				4B0871F7484E8142DC92AD1C,
				B965D242CC646E5880BED27B,
				4DCCC2929B40E26D4B5A1179,
				693F17558BC0FA1D19BB84F3,
				48D77B98B5F60B4F84E55640,
				8161059A3E53C3C0CA38373C,
				93582C787B958219073559B1,
				8A68DF0BB568D6261C6CFE0D,
				532781FA3E4C0BF37163EDAE,
			);
			name = "JUCE Modules";
			sourceTree = "<group>";
		};
		3D836B936C4334A78284A96D /* Resources */ = {
			isa = PBXGroup;
			children = (
				D6991BCE3C7A40B177151E46,
				E7A878D0728D6B8725C4D5D0,
				56FC993D883E64BDA110F8B8,
				7D741393735CF3A15ACB1B20,
				466D76785D126856C1DFD1AA,
			);
			name = Resources;
			sourceTree = "<group>";
		};
		6998A2488C2AD844A11F1C14 /* Source */ = {
			isa = PBXGroup;
			children = (
				7FDE688298A520FDF2C6134D,
				2C85A9C4E2CE4F92128FB554,
				B265E24C5DC4536F016C0B7A,
				3D836B936C4334A78284A96D,
				750A32886FAC9E0AAC2FBE50,
				C5B15589079AA92E399CD16F,
			);
			name = Source;
			sourceTree = "<group>";
		};
		750A32886FAC9E0AAC2FBE50 /* Frameworks */ = {
			isa = PBXGroup;
			children = (
				E7F7F1EF2C4891E2B5F56A6D,
				E821D5864D1825494DAE2AE2,
				F838CEA428EBA8A8CFA9BA8C,
				EBCA3A9C8FA99C9849794460,
				25CFA4DF9F8F7F7E8D79B99C,
				A0F5A79D3EA8FD5FB3B09687,
				0B44A922B90C9D69AFEEF494,
				EC51FB810EAAC68EA17BCF0A,
				BF6521CF365982524A56CBD5,
				164D7C5E1E4E871D252B4804,
				E928DA8E33FE288ECF41B3EC,
				63EB4708FA874AFA5C772A8E,
				E61DD4C2B59867786F1FDD9E,
				A3E6C096EB754EB3B306343D,
				D1199613C7624628603F4A94,
			);
			name = Frameworks;
			sourceTree = "<group>";
		};
		7FDE688298A520FDF2C6134D /* Delay */ = {
			isa = PBXGroup;
			children = (
				BF8DBD023A01019DDCA8868E,
			);
			name = Delay;
			sourceTree = "<group>";
		};
		B265E24C5DC4536F016C0B7A /* JUCE Library Code */ = {
			isa = PBXGroup;
			children = (
				135164E133451A63009F869C,
				2CE5E1F1CF258F07C8316852,
				F1710803AFA86EA48BC295FD,
				C52F69612C3188018C7E948E,
				207B81DE2149578FE1072326,
				1D4E57184EAB9F3A33EE9439,
				8B22BF5C08A9D987F0C190D5,
				530AE3A601D35A5CD0B60914,
				453D40E9325F28199EEF3A98,
				F54AD8903DDFD9A8CDCB63A8,
				6109BE2289C91863B4A5507D,
				6B809C1A1535AF1B33237406,
				733574292BD99EBBC9BA51A5,
				1C0106BBF859D482CEF3F5F7,
				86AE211208AB38A2EDD47EB5,
				27159418163BCC1A1485F090,
				F3540A018062FCDB9DB65403,
				ED3C3A1F7889897CBA620BCD,
				3F64AD457F1B82C833A689DA,
				F4ABDEE57CC957E644D89B9B,
				1791E89ABC4BBC77B01CB109,
				D308F9CB338C1DC171D13AB9,
				CA4AFFC1224876BD381AA42D,
			);
			name = "JUCE Library Code";
			sourceTree = "<group>";
		};
		BF8DBD023A01019DDCA8868E /* Source */ = {
			isa = PBXGroup;
			children = (
				776899EB38E5851A8AE8C645,
				B679BFC9449FD7BFF1AE8F66,
				1560C213885E8DD79DF3DB76,
				080E22978AE95DE07869711D,
			);
			name = Source;
			sourceTree = "<group>";
		};
		C5B15589079AA92E399CD16F /* Products */ = {
			isa = PBXGroup;
			children = (
				9D088F29723BAAFE22F64D41,
				C4590DA07C8F8909012EF9D2,
				244FEF8F1B59B7623869F20C,
				A352E191B928E673B830CDA3,
				BA394CF1C3B972E3D9891FD6,
			);
			name = Products;
			sourceTree = "<group>";
		};
/* End PBXGroup section */

/* Begin PBXNativeTarget section */
		0DD55239B3D72232929ACF6A /* Delay - VST3 */ = {
			isa = PBXNativeTarget;
			buildConfigurationList = BF0EB11E55DA86F3371CAAD9;
			buildPhases = (
				2465A5909A890CE168AAF80A,
				F9583F6CBF13FCACF0F33CE4,
				89FEA076592D742E0764899F,
				B9D55C91090068E5772415B1,
				14BB7DE1B5E47E8EAE82C580,
			);
			buildRules = (
			);
			dependencies = (
				ED57EF747EFABF58BD5205C1,
				14DC32B89ADABB9D8C5DBD14,
			);
			name = "Delay - VST3";
			productName = Delay;
			productReference = 9D088F29723BAAFE22F64D41;
			productType = "com.apple.product-type.bundle";
		};
		B555BCD00D205B3089363F2F /* Delay - AU */ = {
			isa = PBXNativeTarget;
			buildConfigurationList = D8B188DB55661427D22D49A7;
			buildPhases = (
				E2E4292CA117577A193937A9,
				1074DAE4B13F2B9E25E9FD06,
				A8A97D1CC585C83A3AA33752,
				C5E8973BEFF7F94D4CF1F829,
			);
			buildRules = (
			);
			dependencies = (
				EA9BB13D8F064F2018E467E6,
			);
			name = "Delay - AU";
			productName = Delay;
			productReference = C4590DA07C8F8909012EF9D2;
			productType = "com.apple.product-type.bundle";
		};
		C9D8F35517C408A9C0CB4360 /* Delay - Standalone Plugin */ = {
			isa = PBXNativeTarget;
			buildConfigurationList = A7E739ED9956870C18F44773;
			buildPhases = (
				BC788770036AF18FF7E7B49E,
				FAFBC9F341494D92249377EC,
				551369B3A419D930F0395FCD,
			);
			buildRules = (
			);
			dependencies = (
				3985EB454841B2A5F904C3D8,
			);
			name = "Delay - Standalone Plugin";
			productName = Delay;
			productReference = 244FEF8F1B59B7623869F20C;
			productType = "com.apple.product-type.application";
		};
		DFF7A527F19081876C8CCB20 /* Delay - Shared Code */ = {
			isa = PBXNativeTarget;
			buildConfigurationList = A430510E8A5CDAC7363C9CA1;
			buildPhases = (
				79728057489F150C4350F8D7,
			);
			buildRules = (
			);
			dependencies = (
			);
			name = "Delay - Shared Code";
			productName = Delay;
			productReference = A352E191B928E673B830CDA3;
			productType = "com.apple.product-type.library.static";
		};
		F21F0A11ADE7FD30EB5B0B48 /* Delay - VST3 Manifest Helper */ = {
			isa = PBXNativeTarget;
			buildConfigurationList = EB5D737BADF6EA7CA1FAAD04;
			buildPhases = (
				AE2520C49FD8FFA868756B73,
				12A55FA93F1C2A724A1D9E9B,
			);
			buildRules = (
			);
			dependencies = (
			);
			name = "Delay - VST3 Manifest Helper";
			productName = Delay;
			productReference = BA394CF1C3B972E3D9891FD6;
			productType = "com.apple.product-type.tool";
		};
/* End PBXNativeTarget section */

/* Begin PBXProject section */
		688301AAE24625FD327561E0 = {
			isa = PBXProject;
			attributes = {
				BuildIndependentTargetsInParallel = YES;
				LastUpgradeCheck = 1340;
				ORGANIZATIONNAME = "epic plugins inc";
				TargetAttributes = {
					0DD55239B3D72232929ACF6A = {
						SystemCapabilities = {
							com.apple.ApplicationGroups.iOS = {
								enabled = 0;
							};
							com.apple.HardenedRuntime = {
								enabled = 0;
							};
							com.apple.InAppPurchase = {
								enabled = 0;
							};
							com.apple.InterAppAudio = {
								enabled = 0;
							};
							com.apple.Push = {
								enabled = 0;
							};
							com.apple.Sandbox = {
								enabled = 0;
							};
						};
					};
					3A5E301F3FD2090EB68D31C3 = {
						SystemCapabilities = {
							com.apple.ApplicationGroups.iOS = {
								enabled = 0;
							};
							com.apple.HardenedRuntime = {
								enabled = 0;
							};
							com.apple.InAppPurchase = {
								enabled = 0;
							};
							com.apple.InterAppAudio = {
								enabled = 0;
							};
							com.apple.Push = {
								enabled = 0;
							};
							com.apple.Sandbox = {
								enabled = 0;
							};
						};
					};
					B555BCD00D205B3089363F2F = {
						SystemCapabilities = {
							com.apple.ApplicationGroups.iOS = {
								enabled = 0;
							};
							com.apple.HardenedRuntime = {
								enabled = 0;
							};
							com.apple.InAppPurchase = {
								enabled = 0;
							};
							com.apple.InterAppAudio = {
								enabled = 0;
							};
							com.apple.Push = {
								enabled = 0;
							};
							com.apple.Sandbox = {
								enabled = 0;
							};
						};
					};
					C9D8F35517C408A9C0CB4360 = {
						SystemCapabilities = {
							com.apple.ApplicationGroups.iOS = {
								enabled = 0;
							};
							com.apple.HardenedRuntime = {
								enabled = 0;
							};
							com.apple.InAppPurchase = {
								enabled = 0;
							};
							com.apple.InterAppAudio = {
								enabled = 0;
							};
							com.apple.Push = {
								enabled = 0;
							};
							com.apple.Sandbox = {
								enabled = 0;
							};
						};
					};
					DFF7A527F19081876C8CCB20 = {
						SystemCapabilities = {
							com.apple.ApplicationGroups.iOS = {
								enabled = 0;
							};
							com.apple.HardenedRuntime = {
								enabled = 0;
							};
							com.apple.InAppPurchase = {
								enabled = 0;
							};
							com.apple.InterAppAudio = {
								enabled = 0;
							};
							com.apple.Push = {
								enabled = 0;
							};
							com.apple.Sandbox = {
								enabled = 0;
							};
						};
					};
					F21F0A11ADE7FD30EB5B0B48 = {
						SystemCapabilities = {
							com.apple.ApplicationGroups.iOS = {
								enabled = 0;
							};
							com.apple.HardenedRuntime = {
								enabled = 0;
							};
							com.apple.InAppPurchase = {
								enabled = 0;
							};
							com.apple.InterAppAudio = {
								enabled = 0;
							};
							com.apple.Push = {
								enabled = 0;
							};
							com.apple.Sandbox = {
								enabled = 0;
							};
						};
					};
				};
			};
			buildConfigurationList = 2D0287A2551459EA98F68974;
			compatibilityVersion = "Xcode 3.2";
			hasScannedForEncodings = 0;
			knownRegions = (
				en,
				Base,
			);
			mainGroup = 6998A2488C2AD844A11F1C14;
			projectDirPath = "";
			projectRoot = "";
			targets = (
				3A5E301F3FD2090EB68D31C3,
				0DD55239B3D72232929ACF6A,
				B555BCD00D205B3089363F2F,
				C9D8F35517C408A9C0CB4360,
				DFF7A527F19081876C8CCB20,
				F21F0A11ADE7FD30EB5B0B48,
			);
		};
/* End PBXProject section */

/* Begin PBXResourcesBuildPhase section */
		2465A5909A890CE168AAF80A = {
			isa = PBXResourcesBuildPhase;
			buildActionMask = 2147483647;
			files = (
				406B76A5956F4585D216F4E8,
			);
			runOnlyForDeploymentPostprocessing = 0;
		};
		BC788770036AF18FF7E7B49E = {
			isa = PBXResourcesBuildPhase;
			buildActionMask = 2147483647;
			files = (
				406B76A5956F4585D216F4E8,
			);
			runOnlyForDeploymentPostprocessing = 0;
		};
		E2E4292CA117577A193937A9 = {
			isa = PBXResourcesBuildPhase;
			buildActionMask = 2147483647;
			files = (
				406B76A5956F4585D216F4E8,
			);
			runOnlyForDeploymentPostprocessing = 0;
		};
/* End PBXResourcesBuildPhase section */

/* Begin PBXShellScriptBuildPhase section */
		14BB7DE1B5E47E8EAE82C580 /* Plugin Copy Step */ = {
			isa = PBXShellScriptBuildPhase;
			buildActionMask = 2147483647;
			files = (
			);
			runOnlyForDeploymentPostprocessing = 0;
			name = "Plugin Copy Step";
			alwaysOutOfDate = 1;
			shellPath = /bin/sh;
			shellScript = "set -euo pipefail\n\nif [[ \"${CONFIGURATION}\" == \"Debug\" ]]; then\n  destinationPlugin=\"${HOME}/Library/Audio/Plug-Ins/VST3//$(basename \"${TARGET_BUILD_DIR}/${FULL_PRODUCT_NAME}\")\"\n  echo Running rm -rf \\\"${destinationPlugin}\\\"\n  rm -rf \"${destinationPlugin}\"\n  echo Running ditto \\\"${TARGET_BUILD_DIR}/${FULL_PRODUCT_NAME}\\\" \\\"${destinationPlugin}\\\"\n  ditto \"${TARGET_BUILD_DIR}/${FULL_PRODUCT_NAME}\" \"${destinationPlugin}\"\n\n  if [[ -n \"${EXPANDED_CODE_SIGN_IDENTITY-}\" ]]; then\n    if [[ -n \"${CODE_SIGN_ENTITLEMENTS-}\" ]]; then\n      entitlementsArg=(--entitlements \"${CODE_SIGN_ENTITLEMENTS}\")\n    fi\n\n    echo Signing Identity: \\\"${EXPANDED_CODE_SIGN_IDENTITY_NAME}\\\"\n    echo Running codesign --verbose=4 --force --sign \\\"${EXPANDED_CODE_SIGN_IDENTITY}\\\" ${entitlementsArg[*]-} ${OTHER_CODE_SIGN_FLAGS-} \\\"${HOME}/Library/Audio/Plug-Ins/VST3//${FULL_PRODUCT_NAME}\\\"\n    codesign --verbose=4 --force --sign \"${EXPANDED_CODE_SIGN_IDENTITY}\" ${entitlementsArg[*]-} ${OTHER_CODE_SIGN_FLAGS-} \"${HOME}/Library/Audio/Plug-Ins/VST3//${FULL_PRODUCT_NAME}\"\n  fi\nfi\n\nif [[ \"${CONFIGURATION}\" == \"Release\" ]]; then\n  destinationPlugin=\"${HOME}/Library/Audio/Plug-Ins/VST3//$(basename \"${TARGET_BUILD_DIR}/${FULL_PRODUCT_NAME}\")\"\n  echo Running rm -rf \\\"${destinationPlugin}\\\"\n  rm -rf \"${destinationPlugin}\"\n  echo Running ditto \\\"${TARGET_BUILD_DIR}/${FULL_PRODUCT_NAME}\\\" \\\"${destinationPlugin}\\\"\n  ditto \"${TARGET_BUILD_DIR}/${FULL_PRODUCT_NAME}\" \"${destinationPlugin}\"\n\n  if [[ -n \"${EXPANDED_CODE_SIGN_IDENTITY-}\" ]]; then\n    if [[ -n \"${CODE_SIGN_ENTITLEMENTS-}\" ]]; then\n      entitlementsArg=(--entitlements \"${CODE_SIGN_ENTITLEMENTS}\")\n    fi\n\n    echo Signing Identity: \\\"${EXPANDED_CODE_SIGN_IDENTITY_NAME}\\\"\n    echo Running codesign --verbose=4 --force --sign \\\"${EXPANDED_CODE_SIGN_IDENTITY}\\\" ${entitlementsArg[*]-} ${OTHER_CODE_SIGN_FLAGS-} \\\"${HOME}/Library/Audio/Plug-Ins/VST3//${FULL_PRODUCT_NAME}\\\"\n    codesign --verbose=4 --force --sign \"${EXPANDED_CODE_SIGN_IDENTITY}\" ${entitlementsArg[*]-} ${OTHER_CODE_SIGN_FLAGS-} \"${HOME}/Library/Audio/Plug-Ins/VST3//${FULL_PRODUCT_NAME}\"\n  fi\nfi\n";
		};
		B9D55C91090068E5772415B1 /* Update manifest */ = {
			isa = PBXShellScriptBuildPhase;
			buildActionMask = 2147483647;
			files = (
			);
			runOnlyForDeploymentPostprocessing = 0;
			name = "Update manifest";
			alwaysOutOfDate = 1;
			shellPath = /bin/sh;
			shellScript = "set -euo pipefail\n\necho Running codesign --verbose=4 --force --sign - \\\"${CONFIGURATION_BUILD_DIR}/${FULL_PRODUCT_NAME}\\\"\ncodesign --verbose=4 --force --sign - \"${CONFIGURATION_BUILD_DIR}/${FULL_PRODUCT_NAME}\"\n\necho Running \\\"${CONFIGURATION_BUILD_DIR}/juce_vst3_helper\\\" -create -version \\\"1.0.0\\\" -path \\\"${CONFIGURATION_BUILD_DIR}/${FULL_PRODUCT_NAME}\\\" -output \\\"${CONFIGURATION_BUILD_DIR}/${FULL_PRODUCT_NAME}/Contents/Resources/moduleinfo.json\\\"\n\"${CONFIGURATION_BUILD_DIR}/juce_vst3_helper\" -create -version \"1.0.0\" -path \"${CONFIGURATION_BUILD_DIR}/${FULL_PRODUCT_NAME}\" -output \"${CONFIGURATION_BUILD_DIR}/${FULL_PRODUCT_NAME}/Contents/Resources/moduleinfo.json\"\n";
		};
		C5E8973BEFF7F94D4CF1F829 /* Plugin Copy Step */ = {
			isa = PBXShellScriptBuildPhase;
			buildActionMask = 2147483647;
			files = (
			);
			runOnlyForDeploymentPostprocessing = 0;
			name = "Plugin Copy Step";
			alwaysOutOfDate = 1;
			shellPath = /bin/sh;
			shellScript = "set -euo pipefail\n\nif [[ \"${CONFIGURATION}\" == \"Debug\" ]]; then\n  destinationPlugin=\"${HOME}/Library/Audio/Plug-Ins/Components//$(basename \"${TARGET_BUILD_DIR}/${FULL_PRODUCT_NAME}\")\"\n  echo Running rm -rf \\\"${destinationPlugin}\\\"\n  rm -rf \"${destinationPlugin}\"\n  echo Running ditto \\\"${TARGET_BUILD_DIR}/${FULL_PRODUCT_NAME}\\\" \\\"${destinationPlugin}\\\"\n  ditto \"${TARGET_BUILD_DIR}/${FULL_PRODUCT_NAME}\" \"${destinationPlugin}\"\n\n  if [[ -n \"${EXPANDED_CODE_SIGN_IDENTITY-}\" ]]; then\n    if [[ -n \"${CODE_SIGN_ENTITLEMENTS-}\" ]]; then\n      entitlementsArg=(--entitlements \"${CODE_SIGN_ENTITLEMENTS}\")\n    fi\n\n    echo Signing Identity: \\\"${EXPANDED_CODE_SIGN_IDENTITY_NAME}\\\"\n    echo Running codesign --verbose=4 --force --sign \\\"${EXPANDED_CODE_SIGN_IDENTITY}\\\" ${entitlementsArg[*]-} ${OTHER_CODE_SIGN_FLAGS-} \\\"${HOME}/Library/Audio/Plug-Ins/Components//${FULL_PRODUCT_NAME}\\\"\n    codesign --verbose=4 --force --sign \"${EXPANDED_CODE_SIGN_IDENTITY}\" ${entitlementsArg[*]-} ${OTHER_CODE_SIGN_FLAGS-} \"${HOME}/Library/Audio/Plug-Ins/Components//${FULL_PRODUCT_NAME}\"\n  fi\nfi\n\nif [[ \"${CONFIGURATION}\" == \"Release\" ]]; then\n  destinationPlugin=\"${HOME}/Library/Audio/Plug-Ins/Components//$(basename \"${TARGET_BUILD_DIR}/${FULL_PRODUCT_NAME}\")\"\n  echo Running rm -rf \\\"${destinationPlugin}\\\"\n  rm -rf \"${destinationPlugin}\"\n  echo Running ditto \\\"${TARGET_BUILD_DIR}/${FULL_PRODUCT_NAME}\\\" \\\"${destinationPlugin}\\\"\n  ditto \"${TARGET_BUILD_DIR}/${FULL_PRODUCT_NAME}\" \"${destinationPlugin}\"\n\n  if [[ -n \"${EXPANDED_CODE_SIGN_IDENTITY-}\" ]]; then\n    if [[ -n \"${CODE_SIGN_ENTITLEMENTS-}\" ]]; then\n      entitlementsArg=(--entitlements \"${CODE_SIGN_ENTITLEMENTS}\")\n    fi\n\n    echo Signing Identity: \\\"${EXPANDED_CODE_SIGN_IDENTITY_NAME}\\\"\n    echo Running codesign --verbose=4 --force --sign \\\"${EXPANDED_CODE_SIGN_IDENTITY}\\\" ${entitlementsArg[*]-} ${OTHER_CODE_SIGN_FLAGS-} \\\"${HOME}/Library/Audio/Plug-Ins/Components//${FULL_PRODUCT_NAME}\\\"\n    codesign --verbose=4 --force --sign \"${EXPANDED_CODE_SIGN_IDENTITY}\" ${entitlementsArg[*]-} ${OTHER_CODE_SIGN_FLAGS-} \"${HOME}/Library/Audio/Plug-Ins/Components//${FULL_PRODUCT_NAME}\"\n  fi\nfi\n";
		};
/* End PBXShellScriptBuildPhase section */

/* Begin PBXSourcesBuildPhase section */
		1074DAE4B13F2B9E25E9FD06 = {
			isa = PBXSourcesBuildPhase;
			buildActionMask = 2147483647;
			files = (
				366C1A4748FF5CEC42BF803C,
				3AD319D0D8AB6BA258BCE968,
			);
			runOnlyForDeploymentPostprocessing = 0;
		};
		79728057489F150C4350F8D7 = {
			isa = PBXSourcesBuildPhase;
			buildActionMask = 2147483647;
			files = (
				67B7EB1559ED6EABEA4624B6,
				BFF57134FAADA73AAD494E2A,
				1E1AC4BD007C96F0583213E2,
				FE9FFC7C838B15C17BBF8414,
				A8005A9EA90E68A73B09F8A5,
				4264F6EE0C5729749E2CD9AA,
				0549F317AB586140F8B0BDF6,
				6541E05D0F10F9E4B2225F8D,
				76FBDC14B2C4A4109A3D4B02,
				5BF3DEA28879C08E6DA30454,
				35B4E713C338623906FE970F,
				65A9FB45583F1411010F6A90,
				DB290CB07DD3E6ACFEA7381E,
				53111CEEC17D32A13A53E3C2,
				D359F88BA82AE21DBFAEFFF9,
				F99525C5E6FBFFE058A50439,
				F5CAF2EAFFABC2E0F47FEE7F,
				E769CDF2EEBFE8FC676C9DBA,
				693D6B76BE02A87650A9B90E,
			);
			runOnlyForDeploymentPostprocessing = 0;
		};
		AE2520C49FD8FFA868756B73 = {
			isa = PBXSourcesBuildPhase;
			buildActionMask = 2147483647;
			files = (
				62564726B5270C317E6AEF1B,
			);
			runOnlyForDeploymentPostprocessing = 0;
		};
		F9583F6CBF13FCACF0F33CE4 = {
			isa = PBXSourcesBuildPhase;
			buildActionMask = 2147483647;
			files = (
				5406B0692D23D5E99F03E0AE,
			);
			runOnlyForDeploymentPostprocessing = 0;
		};
		FAFBC9F341494D92249377EC = {
			isa = PBXSourcesBuildPhase;
			buildActionMask = 2147483647;
			files = (
				7ACE1EACE15DA2DE388FD60D,
			);
			runOnlyForDeploymentPostprocessing = 0;
		};
/* End PBXSourcesBuildPhase section */

/* Begin PBXTargetDependency section */
		14DC32B89ADABB9D8C5DBD14 = {
			isa = PBXTargetDependency;
			target = F21F0A11ADE7FD30EB5B0B48;
		};
		3985EB454841B2A5F904C3D8 = {
			isa = PBXTargetDependency;
			target = DFF7A527F19081876C8CCB20;
		};
		39E7CE6F7C80C4C2FDF6B343 = {
			isa = PBXTargetDependency;
			target = DFF7A527F19081876C8CCB20;
		};
		7E114EE0891C68C7D1B91D35 = {
			isa = PBXTargetDependency;
			target = F21F0A11ADE7FD30EB5B0B48;
		};
		9B8B7D91DD032271BC4D437A = {
			isa = PBXTargetDependency;
			target = B555BCD00D205B3089363F2F;
		};
		A158C711FC823B3D9BB370D4 = {
			isa = PBXTargetDependency;
			target = 0DD55239B3D72232929ACF6A;
		};
		BBC0CE7B6E5CF0B7101BFCFA = {
			isa = PBXTargetDependency;
			target = C9D8F35517C408A9C0CB4360;
		};
		EA9BB13D8F064F2018E467E6 = {
			isa = PBXTargetDependency;
			target = DFF7A527F19081876C8CCB20;
		};
		ED57EF747EFABF58BD5205C1 = {
			isa = PBXTargetDependency;
			target = DFF7A527F19081876C8CCB20;
		};
/* End PBXTargetDependency section */

/* Begin XCBuildConfiguration section */
		1996AFB73517A368EB2EE499 /* Release */ = {
			isa = XCBuildConfiguration;
			buildSettings = {
				CLANG_CXX_LANGUAGE_STANDARD = "c++17";
				CLANG_CXX_LIBRARY = "libc++";
				CLANG_LINK_OBJC_RUNTIME = NO;
				COMBINE_HIDPI_IMAGES = YES;
				CONFIGURATION_BUILD_DIR = "$(PROJECT_DIR)/build/$(CONFIGURATION)";
				DEAD_CODE_STRIPPING = YES;
				EXCLUDED_ARCHS = "";
				GCC_GENERATE_DEBUGGING_SYMBOLS = NO;
				GCC_OPTIMIZATION_LEVEL = 3;
				GCC_PREPROCESSOR_DEFINITIONS = (
					"_NDEBUG=1",
					"NDEBUG=1",
					"JUCE_PROJUCER_VERSION=0x80000",
					"JUCE_MODULE_AVAILABLE_juce_audio_basics=1",
					"JUCE_MODULE_AVAILABLE_juce_audio_devices=1",
					"JUCE_MODULE_AVAILABLE_juce_audio_formats=1",
					"JUCE_MODULE_AVAILABLE_juce_audio_plugin_client=1",
					"JUCE_MODULE_AVAILABLE_juce_audio_processors=1",
					"JUCE_MODULE_AVAILABLE_juce_audio_utils=1",
					"JUCE_MODULE_AVAILABLE_juce_core=1",
					"JUCE_MODULE_AVAILABLE_juce_data_structures=1",
					"JUCE_MODULE_AVAILABLE_juce_dsp=1",
					"JUCE_MODULE_AVAILABLE_juce_events=1",
					"JUCE_MODULE_AVAILABLE_juce_graphics=1",
					"JUCE_MODULE_AVAILABLE_juce_gui_basics=1",
					"JUCE_MODULE_AVAILABLE_juce_gui_extra=1",
					"JUCE_GLOBAL_MODULE_SETTINGS_INCLUDED=1",
					"JUCE_VST3_CAN_REPLACE_VST2=0",
					"JUCE_STRICT_REFCOUNTEDPOINTER=1",
					"JucePlugin_Build_VST=0",
					"JucePlugin_Build_VST3=0",
					"JucePlugin_Build_AU=1",
					"JucePlugin_Build_AUv3=0",
					"JucePlugin_Build_AAX=0",
					"JucePlugin_Build_Standalone=0",
					"JucePlugin_Build_Unity=0",
					"JucePlugin_Build_LV2=0",
					"JucePlugin_Enable_IAA=0",
					"JucePlugin_Enable_ARA=0",
					"JucePlugin_Name=\\\"Delay\\\"",
					"JucePlugin_Desc=\\\"Delay\\\"",
					"JucePlugin_Manufacturer=\\\"epic\\ plugins\\ inc\\\"",
					"JucePlugin_ManufacturerWebsite=\\\"www.epicpluginsinc.com\\\"",
					"JucePlugin_ManufacturerEmail=\\\"\\\"",
					"JucePlugin_ManufacturerCode=0x4d616e75",
					"JucePlugin_PluginCode=0x5561776a",
					"JucePlugin_IsSynth=0",
					"JucePlugin_WantsMidiInput=0",
					"JucePlugin_ProducesMidiOutput=0",
					"JucePlugin_IsMidiEffect=0",
					"JucePlugin_EditorRequiresKeyboardFocus=0",
					"JucePlugin_Version=1.0.0",
					"JucePlugin_VersionCode=0x10000",
					"JucePlugin_VersionString=\\\"1.0.0\\\"",
					"JucePlugin_VSTUniqueID=JucePlugin_PluginCode",
					"JucePlugin_VSTCategory=kPlugCategEffect",
					"JucePlugin_Vst3Category=\\\"Fx\\\"",
					"JucePlugin_AUMainType=\\'aufx\\'",
					"JucePlugin_AUSubType=JucePlugin_PluginCode",
					"JucePlugin_AUExportPrefix=DelayAU",
					"JucePlugin_AUExportPrefixQuoted=\\\"DelayAU\\\"",
					"JucePlugin_AUManufacturerCode=JucePlugin_ManufacturerCode",
					"JucePlugin_CFBundleIdentifier=com.epicpluginsinc.Delay",
					"JucePlugin_AAXIdentifier=com.epicpluginsinc.Delay",
					"JucePlugin_AAXManufacturerCode=JucePlugin_ManufacturerCode",
					"JucePlugin_AAXProductId=JucePlugin_PluginCode",
					"JucePlugin_AAXCategory=0",
					"JucePlugin_AAXDisableBypass=0",
					"JucePlugin_AAXDisableMultiMono=0",
					"JucePlugin_IAAType=0x61757278",
					"JucePlugin_IAASubType=JucePlugin_PluginCode",
					"JucePlugin_IAAName=\\\"epic\\ plugins\\ inc:\\ Delay\\\"",
					"JucePlugin_VSTNumMidiInputs=16",
					"JucePlugin_VSTNumMidiOutputs=16",
					"JucePlugin_ARAContentTypes=0",
					"JucePlugin_ARATransformationFlags=0",
					"JucePlugin_ARAFactoryID=\\\"com.epicpluginsinc.Delay.factory\\\"",
					"JucePlugin_ARADocumentArchiveID=\\\"com.epicpluginsinc.Delay.aradocumentarchive.1.0.0\\\"",
					"JucePlugin_ARACompatibleArchiveIDs=\\\"\\\"",
					"JUCE_STANDALONE_APPLICATION=JucePlugin_Build_Standalone",
					"JUCER_XCODE_MAC_F6D2F4CF=1",
					"JUCE_APP_VERSION=1.0.0",
					"JUCE_APP_VERSION_HEX=0x10000",
				);
				GCC_VERSION = com.apple.compilers.llvm.clang.1_0;
				GENERATE_PKGINFO_FILE = YES;
				HEADER_SEARCH_PATHS = (
					"/Users/milanahuja/Documents/JUCE/modules/juce_audio_processors/format_types/VST3_SDK",
					"$(SRCROOT)/../../JuceLibraryCode",
					"/Users/milanahuja/Documents/JUCE/modules",
					"/Users/milanahuja/Documents/JUCE/modules/juce_audio_plugin_client/AU",
					"$(inherited)",
				);
				INFOPLIST_FILE = Info-AU.plist;
				INFOPLIST_PREPROCESS = NO;
				INSTALL_PATH = "$(HOME)/Library/Audio/Plug-Ins/Components/";
				LIBRARY_STYLE = Bundle;
				LLVM_LTO = YES;
				MACOSX_DEPLOYMENT_TARGET = 10.13;
				MTL_HEADER_SEARCH_PATHS = "/Users/milanahuja/Documents/JUCE/modules/juce_audio_processors/format_types/VST3_SDK $(SRCROOT)/../../JuceLibraryCode /Users/milanahuja/Documents/JUCE/modules /Users/milanahuja/Documents/JUCE/modules/juce_audio_plugin_client/AU";
				OTHER_LDFLAGS = "-bundle -lDelay";
				OTHER_REZFLAGS = "-d ppc_$ppc -d i386_$i386 -d ppc64_$ppc64 -d x86_64_$x86_64 -d arm64_$arm64 -I /System/Library/Frameworks/CoreServices.framework/Frameworks/CarbonCore.framework/Versions/A/Headers -I \"$(DEVELOPER_DIR)/Extras/CoreAudio/AudioUnits/AUPublic/AUBase\" -I \"$(DEVELOPER_DIR)/Platforms/MacOSX.platform/Developer/SDKs/MacOSX.sdk/System/Library/Frameworks/AudioUnit.framework/Headers\"";
				PRODUCT_BUNDLE_IDENTIFIER = com.epicpluginsinc.Delay;
				PRODUCT_NAME = "Delay";
				USE_HEADERMAP = NO;
				VALID_ARCHS = "i386 x86_64 arm64 arm64e";
				WRAPPER_EXTENSION = component;
			};
			name = Release;
		};
		236EA2430AC87FABFF974A88 /* Release */ = {
			isa = XCBuildConfiguration;
			buildSettings = {
				ALWAYS_SEARCH_USER_PATHS = NO;
				CLANG_ENABLE_OBJC_WEAK = YES;
				CLANG_WARN_BLOCK_CAPTURE_AUTORELEASING = YES;
				CLANG_WARN_BOOL_CONVERSION = YES;
				CLANG_WARN_COMMA = YES;
				CLANG_WARN_CONSTANT_CONVERSION = YES;
				CLANG_WARN_DEPRECATED_OBJC_IMPLEMENTATIONS = YES;
				CLANG_WARN_EMPTY_BODY = YES;
				CLANG_WARN_ENUM_CONVERSION = YES;
				CLANG_WARN_INFINITE_RECURSION = YES;
				CLANG_WARN_INT_CONVERSION = YES;
				CLANG_WARN_NON_LITERAL_NULL_CONVERSION = YES;
				CLANG_WARN_OBJC_IMPLICIT_RETAIN_SELF = YES;
				CLANG_WARN_OBJC_LITERAL_CONVERSION = YES;
				CLANG_WARN_RANGE_LOOP_ANALYSIS = YES;
				CLANG_WARN_STRICT_PROTOTYPES = YES;
				CLANG_WARN_SUSPICIOUS_MOVE = YES;
				CLANG_WARN_UNREACHABLE_CODE = YES;
				CLANG_WARN__DUPLICATE_METHOD_MATCH = YES;
				DEBUG_INFORMATION_FORMAT = dwarf;
				ENABLE_STRICT_OBJC_MSGSEND = YES;
				ENABLE_TESTABILITY = NO;
				GCC_C_LANGUAGE_STANDARD = c11;
				GCC_INLINES_ARE_PRIVATE_EXTERN = YES;
				GCC_MODEL_TUNING = G5;
				GCC_NO_COMMON_BLOCKS = YES;
				GCC_SYMBOLS_PRIVATE_EXTERN = YES;
				GCC_WARN_64_TO_32_BIT_CONVERSION = YES;
				GCC_WARN_ABOUT_RETURN_TYPE = YES;
				GCC_WARN_CHECK_SWITCH_STATEMENTS = YES;
				GCC_WARN_MISSING_PARENTHESES = YES;
				GCC_WARN_NON_VIRTUAL_DESTRUCTOR = YES;
				GCC_WARN_TYPECHECK_CALLS_TO_PRINTF = YES;
				GCC_WARN_UNDECLARED_SELECTOR = YES;
				GCC_WARN_UNINITIALIZED_AUTOS = YES;
				GCC_WARN_UNUSED_FUNCTION = YES;
				GCC_WARN_UNUSED_VARIABLE = YES;
				OTHER_CODE_SIGN_FLAGS = --timestamp;
				PRODUCT_NAME = "Delay";
				SDKROOT = macosx;
				WARNING_CFLAGS = "-Wreorder";
				ZERO_LINK = NO;
			};
			name = Release;
		};
		2E3E4B5F5438076AF26E17FA /* Release */ = {
			isa = XCBuildConfiguration;
			buildSettings = {
				CLANG_CXX_LANGUAGE_STANDARD = "c++17";
				CLANG_CXX_LIBRARY = "libc++";
				CLANG_LINK_OBJC_RUNTIME = NO;
				COMBINE_HIDPI_IMAGES = YES;
				CONFIGURATION_BUILD_DIR = "$(PROJECT_DIR)/build/$(CONFIGURATION)";
				DEAD_CODE_STRIPPING = YES;
				EXCLUDED_ARCHS = "";
				GCC_GENERATE_DEBUGGING_SYMBOLS = NO;
				GCC_OPTIMIZATION_LEVEL = 3;
				GCC_PREPROCESSOR_DEFINITIONS = (
					"_NDEBUG=1",
					"NDEBUG=1",
					"JUCE_PROJUCER_VERSION=0x80000",
					"JUCE_MODULE_AVAILABLE_juce_audio_basics=1",
					"JUCE_MODULE_AVAILABLE_juce_audio_devices=1",
					"JUCE_MODULE_AVAILABLE_juce_audio_formats=1",
					"JUCE_MODULE_AVAILABLE_juce_audio_plugin_client=1",
					"JUCE_MODULE_AVAILABLE_juce_audio_processors=1",
					"JUCE_MODULE_AVAILABLE_juce_audio_utils=1",
					"JUCE_MODULE_AVAILABLE_juce_core=1",
					"JUCE_MODULE_AVAILABLE_juce_data_structures=1",
					"JUCE_MODULE_AVAILABLE_juce_dsp=1",
					"JUCE_MODULE_AVAILABLE_juce_events=1",
					"JUCE_MODULE_AVAILABLE_juce_graphics=1",
					"JUCE_MODULE_AVAILABLE_juce_gui_basics=1",
					"JUCE_MODULE_AVAILABLE_juce_gui_extra=1",
					"JUCE_GLOBAL_MODULE_SETTINGS_INCLUDED=1",
					"JUCE_VST3_CAN_REPLACE_VST2=0",
					"JUCE_STRICT_REFCOUNTEDPOINTER=1",
					"JucePlugin_Build_VST=0",
					"JucePlugin_Build_VST3=0",
					"JucePlugin_Build_AU=0",
					"JucePlugin_Build_AUv3=0",
					"JucePlugin_Build_AAX=0",
					"JucePlugin_Build_Standalone=1",
					"JucePlugin_Build_Unity=0",
					"JucePlugin_Build_LV2=0",
					"JucePlugin_Enable_IAA=0",
					"JucePlugin_Enable_ARA=0",
					"JucePlugin_Name=\\\"Delay\\\"",
					"JucePlugin_Desc=\\\"Delay\\\"",
					"JucePlugin_Manufacturer=\\\"epic\\ plugins\\ inc\\\"",
					"JucePlugin_ManufacturerWebsite=\\\"www.epicpluginsinc.com\\\"",
					"JucePlugin_ManufacturerEmail=\\\"\\\"",
					"JucePlugin_ManufacturerCode=0x4d616e75",
					"JucePlugin_PluginCode=0x5561776a",
					"JucePlugin_IsSynth=0",
					"JucePlugin_WantsMidiInput=0",
					"JucePlugin_ProducesMidiOutput=0",
					"JucePlugin_IsMidiEffect=0",
					"JucePlugin_EditorRequiresKeyboardFocus=0",
					"JucePlugin_Version=1.0.0",
					"JucePlugin_VersionCode=0x10000",
					"JucePlugin_VersionString=\\\"1.0.0\\\"",
					"JucePlugin_VSTUniqueID=JucePlugin_PluginCode",
					"JucePlugin_VSTCategory=kPlugCategEffect",
					"JucePlugin_Vst3Category=\\\"Fx\\\"",
					"JucePlugin_AUMainType=\\'aufx\\'",
					"JucePlugin_AUSubType=JucePlugin_PluginCode",
					"JucePlugin_AUExportPrefix=DelayAU",
					"JucePlugin_AUExportPrefixQuoted=\\\"DelayAU\\\"",
					"JucePlugin_AUManufacturerCode=JucePlugin_ManufacturerCode",
					"JucePlugin_CFBundleIdentifier=com.epicpluginsinc.Delay",
					"JucePlugin_AAXIdentifier=com.epicpluginsinc.Delay",
					"JucePlugin_AAXManufacturerCode=JucePlugin_ManufacturerCode",
					"JucePlugin_AAXProductId=JucePlugin_PluginCode",
					"JucePlugin_AAXCategory=0",
					"JucePlugin_AAXDisableBypass=0",
					"JucePlugin_AAXDisableMultiMono=0",
					"JucePlugin_IAAType=0x61757278",
					"JucePlugin_IAASubType=JucePlugin_PluginCode",
					"JucePlugin_IAAName=\\\"epic\\ plugins\\ inc:\\ Delay\\\"",
					"JucePlugin_VSTNumMidiInputs=16",
					"JucePlugin_VSTNumMidiOutputs=16",
					"JucePlugin_ARAContentTypes=0",
					"JucePlugin_ARATransformationFlags=0",
					"JucePlugin_ARAFactoryID=\\\"com.epicpluginsinc.Delay.factory\\\"",
					"JucePlugin_ARADocumentArchiveID=\\\"com.epicpluginsinc.Delay.aradocumentarchive.1.0.0\\\"",
					"JucePlugin_ARACompatibleArchiveIDs=\\\"\\\"",
					"JUCE_STANDALONE_APPLICATION=JucePlugin_Build_Standalone",
					"JUCER_XCODE_MAC_F6D2F4CF=1",
					"JUCE_APP_VERSION=1.0.0",
					"JUCE_APP_VERSION_HEX=0x10000",
				);
				GCC_VERSION = com.apple.compilers.llvm.clang.1_0;
				HEADER_SEARCH_PATHS = (
					"/Users/milanahuja/Documents/JUCE/modules/juce_audio_processors/format_types/VST3_SDK",
					"$(SRCROOT)/../../JuceLibraryCode",
					"/Users/milanahuja/Documents/JUCE/modules",
					"/Users/milanahuja/Documents/JUCE/modules/juce_audio_plugin_client/AU",
					"$(inherited)",
				);
				INFOPLIST_FILE = Info-Standalone_Plugin.plist;
				INFOPLIST_PREPROCESS = NO;
				LLVM_LTO = YES;
				MACOSX_DEPLOYMENT_TARGET = 10.13;
				MTL_HEADER_SEARCH_PATHS = "/Users/milanahuja/Documents/JUCE/modules/juce_audio_processors/format_types/VST3_SDK $(SRCROOT)/../../JuceLibraryCode /Users/milanahuja/Documents/JUCE/modules /Users/milanahuja/Documents/JUCE/modules/juce_audio_plugin_client/AU";
				OTHER_LDFLAGS = "-lDelay";
				PRODUCT_BUNDLE_IDENTIFIER = com.epicpluginsinc.Delay;
				PRODUCT_NAME = "Delay";
				USE_HEADERMAP = NO;
				VALID_ARCHS = "i386 x86_64 arm64 arm64e";
			};
			name = Release;
		};
		30F743CFABAB0043C334EA15 /* Debug */ = {
			isa = XCBuildConfiguration;
			buildSettings = {
				CLANG_CXX_LANGUAGE_STANDARD = "c++17";
				CLANG_CXX_LIBRARY = "libc++";
				CLANG_LINK_OBJC_RUNTIME = NO;
				COMBINE_HIDPI_IMAGES = YES;
				CONFIGURATION_BUILD_DIR = "$(PROJECT_DIR)/build/$(CONFIGURATION)";
				COPY_PHASE_STRIP = NO;
				EXCLUDED_ARCHS = "";
				GCC_DYNAMIC_NO_PIC = NO;
				GCC_OPTIMIZATION_LEVEL = 0;
				GCC_PREPROCESSOR_DEFINITIONS = (
					"_DEBUG=1",
					"DEBUG=1",
					"JUCE_PROJUCER_VERSION=0x80000",
					"JUCE_MODULE_AVAILABLE_juce_audio_basics=1",
					"JUCE_MODULE_AVAILABLE_juce_audio_devices=1",
					"JUCE_MODULE_AVAILABLE_juce_audio_formats=1",
					"JUCE_MODULE_AVAILABLE_juce_audio_plugin_client=1",
					"JUCE_MODULE_AVAILABLE_juce_audio_processors=1",
					"JUCE_MODULE_AVAILABLE_juce_audio_utils=1",
					"JUCE_MODULE_AVAILABLE_juce_core=1",
					"JUCE_MODULE_AVAILABLE_juce_data_structures=1",
					"JUCE_MODULE_AVAILABLE_juce_dsp=1",
					"JUCE_MODULE_AVAILABLE_juce_events=1",
					"JUCE_MODULE_AVAILABLE_juce_graphics=1",
					"JUCE_MODULE_AVAILABLE_juce_gui_basics=1",
					"JUCE_MODULE_AVAILABLE_juce_gui_extra=1",
					"JUCE_GLOBAL_MODULE_SETTINGS_INCLUDED=1",
					"JUCE_VST3_CAN_REPLACE_VST2=0",
					"JUCE_STRICT_REFCOUNTEDPOINTER=1",
					"JucePlugin_Build_VST=0",
					"JucePlugin_Build_VST3=0",
					"JucePlugin_Build_AU=0",
					"JucePlugin_Build_AUv3=0",
					"JucePlugin_Build_AAX=0",
					"JucePlugin_Build_Standalone=0",
					"JucePlugin_Build_Unity=0",
					"JucePlugin_Build_LV2=0",
					"JucePlugin_Enable_IAA=0",
					"JucePlugin_Enable_ARA=0",
					"JucePlugin_Name=\\\"Delay\\\"",
					"JucePlugin_Desc=\\\"Delay\\\"",
					"JucePlugin_Manufacturer=\\\"epic\\ plugins\\ inc\\\"",
					"JucePlugin_ManufacturerWebsite=\\\"www.epicpluginsinc.com\\\"",
					"JucePlugin_ManufacturerEmail=\\\"\\\"",
					"JucePlugin_ManufacturerCode=0x4d616e75",
					"JucePlugin_PluginCode=0x5561776a",
					"JucePlugin_IsSynth=0",
					"JucePlugin_WantsMidiInput=0",
					"JucePlugin_ProducesMidiOutput=0",
					"JucePlugin_IsMidiEffect=0",
					"JucePlugin_EditorRequiresKeyboardFocus=0",
					"JucePlugin_Version=1.0.0",
					"JucePlugin_VersionCode=0x10000",
					"JucePlugin_VersionString=\\\"1.0.0\\\"",
					"JucePlugin_VSTUniqueID=JucePlugin_PluginCode",
					"JucePlugin_VSTCategory=kPlugCategEffect",
					"JucePlugin_Vst3Category=\\\"Fx\\\"",
					"JucePlugin_AUMainType=\\'aufx\\'",
					"JucePlugin_AUSubType=JucePlugin_PluginCode",
					"JucePlugin_AUExportPrefix=DelayAU",
					"JucePlugin_AUExportPrefixQuoted=\\\"DelayAU\\\"",
					"JucePlugin_AUManufacturerCode=JucePlugin_ManufacturerCode",
					"JucePlugin_CFBundleIdentifier=com.epicpluginsinc.Delay",
					"JucePlugin_AAXIdentifier=com.epicpluginsinc.Delay",
					"JucePlugin_AAXManufacturerCode=JucePlugin_ManufacturerCode",
					"JucePlugin_AAXProductId=JucePlugin_PluginCode",
					"JucePlugin_AAXCategory=0",
					"JucePlugin_AAXDisableBypass=0",
					"JucePlugin_AAXDisableMultiMono=0",
					"JucePlugin_IAAType=0x61757278",
					"JucePlugin_IAASubType=JucePlugin_PluginCode",
					"JucePlugin_IAAName=\\\"epic\\ plugins\\ inc:\\ Delay\\\"",
					"JucePlugin_VSTNumMidiInputs=16",
					"JucePlugin_VSTNumMidiOutputs=16",
					"JucePlugin_ARAContentTypes=0",
					"JucePlugin_ARATransformationFlags=0",
					"JucePlugin_ARAFactoryID=\\\"com.epicpluginsinc.Delay.factory\\\"",
					"JucePlugin_ARADocumentArchiveID=\\\"com.epicpluginsinc.Delay.aradocumentarchive.1.0.0\\\"",
					"JucePlugin_ARACompatibleArchiveIDs=\\\"\\\"",
					"JUCE_STANDALONE_APPLICATION=JucePlugin_Build_Standalone",
					"JUCER_XCODE_MAC_F6D2F4CF=1",
					"JUCE_APP_VERSION=1.0.0",
					"JUCE_APP_VERSION_HEX=0x10000",
				);
				GCC_VERSION = com.apple.compilers.llvm.clang.1_0;
				HEADER_SEARCH_PATHS = (
					"/Users/milanahuja/Documents/JUCE/modules/juce_audio_processors/format_types/VST3_SDK",
					"$(SRCROOT)/../../JuceLibraryCode",
					"/Users/milanahuja/Documents/JUCE/modules",
					"/Users/milanahuja/Documents/JUCE/modules/juce_audio_plugin_client/AU",
					"$(inherited)",
				);
				INFOPLIST_FILE = Info-VST3_Manifest_Helper.plist;
				INFOPLIST_PREPROCESS = NO;
				MACOSX_DEPLOYMENT_TARGET = 10.13;
				MTL_HEADER_SEARCH_PATHS = "/Users/milanahuja/Documents/JUCE/modules/juce_audio_processors/format_types/VST3_SDK $(SRCROOT)/../../JuceLibraryCode /Users/milanahuja/Documents/JUCE/modules /Users/milanahuja/Documents/JUCE/modules/juce_audio_plugin_client/AU";
				PRODUCT_BUNDLE_IDENTIFIER = com.epicpluginsinc.Delay;
				PRODUCT_NAME = "juce_vst3_helper";
				USE_HEADERMAP = NO;
				VALID_ARCHS = "i386 x86_64 arm64 arm64e";
			};
			name = Debug;
		};
		50956B8BFF6FB32EB867891C /* Release */ = {
			isa = XCBuildConfiguration;
			buildSettings = {
				CLANG_CXX_LANGUAGE_STANDARD = "c++17";
				CLANG_CXX_LIBRARY = "libc++";
				CLANG_LINK_OBJC_RUNTIME = NO;
				COMBINE_HIDPI_IMAGES = YES;
				CONFIGURATION_BUILD_DIR = "$(PROJECT_DIR)/build/$(CONFIGURATION)";
				DEAD_CODE_STRIPPING = YES;
				EXCLUDED_ARCHS = "";
				GCC_GENERATE_DEBUGGING_SYMBOLS = NO;
				GCC_OPTIMIZATION_LEVEL = 3;
				GCC_PREPROCESSOR_DEFINITIONS = (
					"_NDEBUG=1",
					"NDEBUG=1",
					"JUCE_PROJUCER_VERSION=0x80000",
					"JUCE_MODULE_AVAILABLE_juce_audio_basics=1",
					"JUCE_MODULE_AVAILABLE_juce_audio_devices=1",
					"JUCE_MODULE_AVAILABLE_juce_audio_formats=1",
					"JUCE_MODULE_AVAILABLE_juce_audio_plugin_client=1",
					"JUCE_MODULE_AVAILABLE_juce_audio_processors=1",
					"JUCE_MODULE_AVAILABLE_juce_audio_utils=1",
					"JUCE_MODULE_AVAILABLE_juce_core=1",
					"JUCE_MODULE_AVAILABLE_juce_data_structures=1",
					"JUCE_MODULE_AVAILABLE_juce_dsp=1",
					"JUCE_MODULE_AVAILABLE_juce_events=1",
					"JUCE_MODULE_AVAILABLE_juce_graphics=1",
					"JUCE_MODULE_AVAILABLE_juce_gui_basics=1",
					"JUCE_MODULE_AVAILABLE_juce_gui_extra=1",
					"JUCE_GLOBAL_MODULE_SETTINGS_INCLUDED=1",
					"JUCE_VST3_CAN_REPLACE_VST2=0",
					"JUCE_STRICT_REFCOUNTEDPOINTER=1",
					"JucePlugin_Build_VST=0",
					"JucePlugin_Build_VST3=1",
					"JucePlugin_Build_AU=1",
					"JucePlugin_Build_AUv3=0",
					"JucePlugin_Build_AAX=0",
					"JucePlugin_Build_Standalone=1",
					"JucePlugin_Build_Unity=0",
					"JucePlugin_Build_LV2=0",
					"JucePlugin_Enable_IAA=0",
					"JucePlugin_Enable_ARA=0",
					"JucePlugin_Name=\\\"Delay\\\"",
					"JucePlugin_Desc=\\\"Delay\\\"",
					"JucePlugin_Manufacturer=\\\"epic\\ plugins\\ inc\\\"",
					"JucePlugin_ManufacturerWebsite=\\\"www.epicpluginsinc.com\\\"",
					"JucePlugin_ManufacturerEmail=\\\"\\\"",
					"JucePlugin_ManufacturerCode=0x4d616e75",
					"JucePlugin_PluginCode=0x5561776a",
					"JucePlugin_IsSynth=0",
					"JucePlugin_WantsMidiInput=0",
					"JucePlugin_ProducesMidiOutput=0",
					"JucePlugin_IsMidiEffect=0",
					"JucePlugin_EditorRequiresKeyboardFocus=0",
					"JucePlugin_Version=1.0.0",
					"JucePlugin_VersionCode=0x10000",
					"JucePlugin_VersionString=\\\"1.0.0\\\"",
					"JucePlugin_VSTUniqueID=JucePlugin_PluginCode",
					"JucePlugin_VSTCategory=kPlugCategEffect",
					"JucePlugin_Vst3Category=\\\"Fx\\\"",
					"JucePlugin_AUMainType=\\'aufx\\'",
					"JucePlugin_AUSubType=JucePlugin_PluginCode",
					"JucePlugin_AUExportPrefix=DelayAU",
					"JucePlugin_AUExportPrefixQuoted=\\\"DelayAU\\\"",
					"JucePlugin_AUManufacturerCode=JucePlugin_ManufacturerCode",
					"JucePlugin_CFBundleIdentifier=com.epicpluginsinc.Delay",
					"JucePlugin_AAXIdentifier=com.epicpluginsinc.Delay",
					"JucePlugin_AAXManufacturerCode=JucePlugin_ManufacturerCode",
					"JucePlugin_AAXProductId=JucePlugin_PluginCode",
					"JucePlugin_AAXCategory=0",
					"JucePlugin_AAXDisableBypass=0",
					"JucePlugin_AAXDisableMultiMono=0",
					"JucePlugin_IAAType=0x61757278",
					"JucePlugin_IAASubType=JucePlugin_PluginCode",
					"JucePlugin_IAAName=\\\"epic\\ plugins\\ inc:\\ Delay\\\"",
					"JucePlugin_VSTNumMidiInputs=16",
					"JucePlugin_VSTNumMidiOutputs=16",
					"JucePlugin_ARAContentTypes=0",
					"JucePlugin_ARATransformationFlags=0",
					"JucePlugin_ARAFactoryID=\\\"com.epicpluginsinc.Delay.factory\\\"",
					"JucePlugin_ARADocumentArchiveID=\\\"com.epicpluginsinc.Delay.aradocumentarchive.1.0.0\\\"",
					"JucePlugin_ARACompatibleArchiveIDs=\\\"\\\"",
					"JUCE_STANDALONE_APPLICATION=JucePlugin_Build_Standalone",
					"JUCER_XCODE_MAC_F6D2F4CF=1",
					"JUCE_APP_VERSION=1.0.0",
					"JUCE_APP_VERSION_HEX=0x10000",
					"JUCE_SHARED_CODE=1",
				);
				GCC_VERSION = com.apple.compilers.llvm.clang.1_0;
				HEADER_SEARCH_PATHS = (
					"/Users/milanahuja/Documents/JUCE/modules/juce_audio_processors/format_types/VST3_SDK",
					"$(SRCROOT)/../../JuceLibraryCode",
					"/Users/milanahuja/Documents/JUCE/modules",
					"/Users/milanahuja/Documents/JUCE/modules/juce_audio_plugin_client/AU",
					"$(inherited)",
				);
				INSTALL_PATH = "@executable_path/../Frameworks";
				LLVM_LTO = YES;
				MACOSX_DEPLOYMENT_TARGET = 10.13;
				MTL_HEADER_SEARCH_PATHS = "/Users/milanahuja/Documents/JUCE/modules/juce_audio_processors/format_types/VST3_SDK $(SRCROOT)/../../JuceLibraryCode /Users/milanahuja/Documents/JUCE/modules /Users/milanahuja/Documents/JUCE/modules/juce_audio_plugin_client/AU";
				PRODUCT_BUNDLE_IDENTIFIER = com.epicpluginsinc.Delay;
				PRODUCT_NAME = "Delay";
				SKIP_INSTALL = YES;
				USE_HEADERMAP = NO;
				VALID_ARCHS = "i386 x86_64 arm64 arm64e";
			};
			name = Release;
		};
		659401AF8332CD57BC2A7960 /* Debug */ = {
			isa = XCBuildConfiguration;
			buildSettings = {
				MACOSX_DEPLOYMENT_TARGET = 10.13;
				SDKROOT = macosx;
			};
			name = Debug;
		};
		7E382F7EEC19BC8642A799E9 /* Debug */ = {
			isa = XCBuildConfiguration;
			buildSettings = {
				CLANG_CXX_LANGUAGE_STANDARD = "c++17";
				CLANG_CXX_LIBRARY = "libc++";
				CLANG_LINK_OBJC_RUNTIME = NO;
				COMBINE_HIDPI_IMAGES = YES;
				CONFIGURATION_BUILD_DIR = "$(PROJECT_DIR)/build/$(CONFIGURATION)";
				COPY_PHASE_STRIP = NO;
				EXCLUDED_ARCHS = "";
				GCC_DYNAMIC_NO_PIC = NO;
				GCC_OPTIMIZATION_LEVEL = 0;
				GCC_PREPROCESSOR_DEFINITIONS = (
					"_DEBUG=1",
					"DEBUG=1",
					"JUCE_PROJUCER_VERSION=0x80000",
					"JUCE_MODULE_AVAILABLE_juce_audio_basics=1",
					"JUCE_MODULE_AVAILABLE_juce_audio_devices=1",
					"JUCE_MODULE_AVAILABLE_juce_audio_formats=1",
					"JUCE_MODULE_AVAILABLE_juce_audio_plugin_client=1",
					"JUCE_MODULE_AVAILABLE_juce_audio_processors=1",
					"JUCE_MODULE_AVAILABLE_juce_audio_utils=1",
					"JUCE_MODULE_AVAILABLE_juce_core=1",
					"JUCE_MODULE_AVAILABLE_juce_data_structures=1",
					"JUCE_MODULE_AVAILABLE_juce_dsp=1",
					"JUCE_MODULE_AVAILABLE_juce_events=1",
					"JUCE_MODULE_AVAILABLE_juce_graphics=1",
					"JUCE_MODULE_AVAILABLE_juce_gui_basics=1",
					"JUCE_MODULE_AVAILABLE_juce_gui_extra=1",
					"JUCE_GLOBAL_MODULE_SETTINGS_INCLUDED=1",
					"JUCE_VST3_CAN_REPLACE_VST2=0",
					"JUCE_STRICT_REFCOUNTEDPOINTER=1",
					"JucePlugin_Build_VST=0",
					"JucePlugin_Build_VST3=0",
					"JucePlugin_Build_AU=1",
					"JucePlugin_Build_AUv3=0",
					"JucePlugin_Build_AAX=0",
					"JucePlugin_Build_Standalone=0",
					"JucePlugin_Build_Unity=0",
					"JucePlugin_Build_LV2=0",
					"JucePlugin_Enable_IAA=0",
					"JucePlugin_Enable_ARA=0",
					"JucePlugin_Name=\\\"Delay\\\"",
					"JucePlugin_Desc=\\\"Delay\\\"",
					"JucePlugin_Manufacturer=\\\"epic\\ plugins\\ inc\\\"",
					"JucePlugin_ManufacturerWebsite=\\\"www.epicpluginsinc.com\\\"",
					"JucePlugin_ManufacturerEmail=\\\"\\\"",
					"JucePlugin_ManufacturerCode=0x4d616e75",
					"JucePlugin_PluginCode=0x5561776a",
					"JucePlugin_IsSynth=0",
					"JucePlugin_WantsMidiInput=0",
					"JucePlugin_ProducesMidiOutput=0",
					"JucePlugin_IsMidiEffect=0",
					"JucePlugin_EditorRequiresKeyboardFocus=0",
					"JucePlugin_Version=1.0.0",
					"JucePlugin_VersionCode=0x10000",
					"JucePlugin_VersionString=\\\"1.0.0\\\"",
					"JucePlugin_VSTUniqueID=JucePlugin_PluginCode",
					"JucePlugin_VSTCategory=kPlugCategEffect",
					"JucePlugin_Vst3Category=\\\"Fx\\\"",
					"JucePlugin_AUMainType=\\'aufx\\'",
					"JucePlugin_AUSubType=JucePlugin_PluginCode",
					"JucePlugin_AUExportPrefix=DelayAU",
					"JucePlugin_AUExportPrefixQuoted=\\\"DelayAU\\\"",
					"JucePlugin_AUManufacturerCode=JucePlugin_ManufacturerCode",
					"JucePlugin_CFBundleIdentifier=com.epicpluginsinc.Delay",
					"JucePlugin_AAXIdentifier=com.epicpluginsinc.Delay",
					"JucePlugin_AAXManufacturerCode=JucePlugin_ManufacturerCode",
					"JucePlugin_AAXProductId=JucePlugin_PluginCode",
					"JucePlugin_AAXCategory=0",
					"JucePlugin_AAXDisableBypass=0",
					"JucePlugin_AAXDisableMultiMono=0",
					"JucePlugin_IAAType=0x61757278",
					"JucePlugin_IAASubType=JucePlugin_PluginCode",
					"JucePlugin_IAAName=\\\"epic\\ plugins\\ inc:\\ Delay\\\"",
					"JucePlugin_VSTNumMidiInputs=16",
					"JucePlugin_VSTNumMidiOutputs=16",
					"JucePlugin_ARAContentTypes=0",
					"JucePlugin_ARATransformationFlags=0",
					"JucePlugin_ARAFactoryID=\\\"com.epicpluginsinc.Delay.factory\\\"",
					"JucePlugin_ARADocumentArchiveID=\\\"com.epicpluginsinc.Delay.aradocumentarchive.1.0.0\\\"",
					"JucePlugin_ARACompatibleArchiveIDs=\\\"\\\"",
					"JUCE_STANDALONE_APPLICATION=JucePlugin_Build_Standalone",
					"JUCER_XCODE_MAC_F6D2F4CF=1",
					"JUCE_APP_VERSION=1.0.0",
					"JUCE_APP_VERSION_HEX=0x10000",
				);
				GCC_VERSION = com.apple.compilers.llvm.clang.1_0;
				GENERATE_PKGINFO_FILE = YES;
				HEADER_SEARCH_PATHS = (
					"/Users/milanahuja/Documents/JUCE/modules/juce_audio_processors/format_types/VST3_SDK",
					"$(SRCROOT)/../../JuceLibraryCode",
					"/Users/milanahuja/Documents/JUCE/modules",
					"/Users/milanahuja/Documents/JUCE/modules/juce_audio_plugin_client/AU",
					"$(inherited)",
				);
				INFOPLIST_FILE = Info-AU.plist;
				INFOPLIST_PREPROCESS = NO;
				INSTALL_PATH = "$(HOME)/Library/Audio/Plug-Ins/Components/";
				LIBRARY_STYLE = Bundle;
				MACOSX_DEPLOYMENT_TARGET = 10.13;
				MTL_HEADER_SEARCH_PATHS = "/Users/milanahuja/Documents/JUCE/modules/juce_audio_processors/format_types/VST3_SDK $(SRCROOT)/../../JuceLibraryCode /Users/milanahuja/Documents/JUCE/modules /Users/milanahuja/Documents/JUCE/modules/juce_audio_plugin_client/AU";
				OTHER_LDFLAGS = "-bundle -lDelay";
				OTHER_REZFLAGS = "-d ppc_$ppc -d i386_$i386 -d ppc64_$ppc64 -d x86_64_$x86_64 -d arm64_$arm64 -I /System/Library/Frameworks/CoreServices.framework/Frameworks/CarbonCore.framework/Versions/A/Headers -I \"$(DEVELOPER_DIR)/Extras/CoreAudio/AudioUnits/AUPublic/AUBase\" -I \"$(DEVELOPER_DIR)/Platforms/MacOSX.platform/Developer/SDKs/MacOSX.sdk/System/Library/Frameworks/AudioUnit.framework/Headers\"";
				PRODUCT_BUNDLE_IDENTIFIER = com.epicpluginsinc.Delay;
				PRODUCT_NAME = "Delay";
				USE_HEADERMAP = NO;
				VALID_ARCHS = "i386 x86_64 arm64 arm64e";
				WRAPPER_EXTENSION = component;
			};
			name = Debug;
		};
		9F8165D99415E3C35CA488E9 /* Release */ = {
			isa = XCBuildConfiguration;
			buildSettings = {
				MACOSX_DEPLOYMENT_TARGET = 10.13;
				SDKROOT = macosx;
			};
			name = Release;
		};
		B3F70E97B57147ACE9EB8D1A /* Release */ = {
			isa = XCBuildConfiguration;
			buildSettings = {
				CLANG_CXX_LANGUAGE_STANDARD = "c++17";
				CLANG_CXX_LIBRARY = "libc++";
				CLANG_LINK_OBJC_RUNTIME = NO;
				COMBINE_HIDPI_IMAGES = YES;
				CONFIGURATION_BUILD_DIR = "$(PROJECT_DIR)/build/$(CONFIGURATION)";
				DEAD_CODE_STRIPPING = YES;
				EXCLUDED_ARCHS = "";
				GCC_GENERATE_DEBUGGING_SYMBOLS = NO;
				GCC_OPTIMIZATION_LEVEL = 3;
				GCC_PREPROCESSOR_DEFINITIONS = (
					"_NDEBUG=1",
					"NDEBUG=1",
					"JUCE_PROJUCER_VERSION=0x80000",
					"JUCE_MODULE_AVAILABLE_juce_audio_basics=1",
					"JUCE_MODULE_AVAILABLE_juce_audio_devices=1",
					"JUCE_MODULE_AVAILABLE_juce_audio_formats=1",
					"JUCE_MODULE_AVAILABLE_juce_audio_plugin_client=1",
					"JUCE_MODULE_AVAILABLE_juce_audio_processors=1",
					"JUCE_MODULE_AVAILABLE_juce_audio_utils=1",
					"JUCE_MODULE_AVAILABLE_juce_core=1",
					"JUCE_MODULE_AVAILABLE_juce_data_structures=1",
					"JUCE_MODULE_AVAILABLE_juce_dsp=1",
					"JUCE_MODULE_AVAILABLE_juce_events=1",
					"JUCE_MODULE_AVAILABLE_juce_graphics=1",
					"JUCE_MODULE_AVAILABLE_juce_gui_basics=1",
					"JUCE_MODULE_AVAILABLE_juce_gui_extra=1",
					"JUCE_GLOBAL_MODULE_SETTINGS_INCLUDED=1",
					"JUCE_VST3_CAN_REPLACE_VST2=0",
					"JUCE_STRICT_REFCOUNTEDPOINTER=1",
					"JucePlugin_Build_VST=0",
					"JucePlugin_Build_VST3=0",
					"JucePlugin_Build_AU=0",
					"JucePlugin_Build_AUv3=0",
					"JucePlugin_Build_AAX=0",
					"JucePlugin_Build_Standalone=0",
					"JucePlugin_Build_Unity=0",
					"JucePlugin_Build_LV2=0",
					"JucePlugin_Enable_IAA=0",
					"JucePlugin_Enable_ARA=0",
					"JucePlugin_Name=\\\"Delay\\\"",
					"JucePlugin_Desc=\\\"Delay\\\"",
					"JucePlugin_Manufacturer=\\\"epic\\ plugins\\ inc\\\"",
					"JucePlugin_ManufacturerWebsite=\\\"www.epicpluginsinc.com\\\"",
					"JucePlugin_ManufacturerEmail=\\\"\\\"",
					"JucePlugin_ManufacturerCode=0x4d616e75",
					"JucePlugin_PluginCode=0x5561776a",
					"JucePlugin_IsSynth=0",
					"JucePlugin_WantsMidiInput=0",
					"JucePlugin_ProducesMidiOutput=0",
					"JucePlugin_IsMidiEffect=0",
					"JucePlugin_EditorRequiresKeyboardFocus=0",
					"JucePlugin_Version=1.0.0",
					"JucePlugin_VersionCode=0x10000",
					"JucePlugin_VersionString=\\\"1.0.0\\\"",
					"JucePlugin_VSTUniqueID=JucePlugin_PluginCode",
					"JucePlugin_VSTCategory=kPlugCategEffect",
					"JucePlugin_Vst3Category=\\\"Fx\\\"",
					"JucePlugin_AUMainType=\\'aufx\\'",
					"JucePlugin_AUSubType=JucePlugin_PluginCode",
					"JucePlugin_AUExportPrefix=DelayAU",
					"JucePlugin_AUExportPrefixQuoted=\\\"DelayAU\\\"",
					"JucePlugin_AUManufacturerCode=JucePlugin_ManufacturerCode",
					"JucePlugin_CFBundleIdentifier=com.epicpluginsinc.Delay",
					"JucePlugin_AAXIdentifier=com.epicpluginsinc.Delay",
					"JucePlugin_AAXManufacturerCode=JucePlugin_ManufacturerCode",
					"JucePlugin_AAXProductId=JucePlugin_PluginCode",
					"JucePlugin_AAXCategory=0",
					"JucePlugin_AAXDisableBypass=0",
					"JucePlugin_AAXDisableMultiMono=0",
					"JucePlugin_IAAType=0x61757278",
					"JucePlugin_IAASubType=JucePlugin_PluginCode",
					"JucePlugin_IAAName=\\\"epic\\ plugins\\ inc:\\ Delay\\\"",
					"JucePlugin_VSTNumMidiInputs=16",
					"JucePlugin_VSTNumMidiOutputs=16",
					"JucePlugin_ARAContentTypes=0",
					"JucePlugin_ARATransformationFlags=0",
					"JucePlugin_ARAFactoryID=\\\"com.epicpluginsinc.Delay.factory\\\"",
					"JucePlugin_ARADocumentArchiveID=\\\"com.epicpluginsinc.Delay.aradocumentarchive.1.0.0\\\"",
					"JucePlugin_ARACompatibleArchiveIDs=\\\"\\\"",
					"JUCE_STANDALONE_APPLICATION=JucePlugin_Build_Standalone",
					"JUCER_XCODE_MAC_F6D2F4CF=1",
					"JUCE_APP_VERSION=1.0.0",
					"JUCE_APP_VERSION_HEX=0x10000",
				);
				GCC_VERSION = com.apple.compilers.llvm.clang.1_0;
				HEADER_SEARCH_PATHS = (
					"/Users/milanahuja/Documents/JUCE/modules/juce_audio_processors/format_types/VST3_SDK",
					"$(SRCROOT)/../../JuceLibraryCode",
					"/Users/milanahuja/Documents/JUCE/modules",
					"/Users/milanahuja/Documents/JUCE/modules/juce_audio_plugin_client/AU",
					"$(inherited)",
				);
				INFOPLIST_FILE = Info-VST3_Manifest_Helper.plist;
				INFOPLIST_PREPROCESS = NO;
				LLVM_LTO = YES;
				MACOSX_DEPLOYMENT_TARGET = 10.13;
				MTL_HEADER_SEARCH_PATHS = "/Users/milanahuja/Documents/JUCE/modules/juce_audio_processors/format_types/VST3_SDK $(SRCROOT)/../../JuceLibraryCode /Users/milanahuja/Documents/JUCE/modules /Users/milanahuja/Documents/JUCE/modules/juce_audio_plugin_client/AU";
				PRODUCT_BUNDLE_IDENTIFIER = com.epicpluginsinc.Delay;
				PRODUCT_NAME = "juce_vst3_helper";
				USE_HEADERMAP = NO;
				VALID_ARCHS = "i386 x86_64 arm64 arm64e";
			};
			name = Release;
		};
		BD4F9A1EF7702BBD3898A897 /* Debug */ = {
			isa = XCBuildConfiguration;
			buildSettings = {
				CLANG_CXX_LANGUAGE_STANDARD = "c++17";
				CLANG_CXX_LIBRARY = "libc++";
				CLANG_LINK_OBJC_RUNTIME = NO;
				COMBINE_HIDPI_IMAGES = YES;
				CONFIGURATION_BUILD_DIR = "$(PROJECT_DIR)/build/$(CONFIGURATION)";
				COPY_PHASE_STRIP = NO;
				EXCLUDED_ARCHS = "";
				GCC_DYNAMIC_NO_PIC = NO;
				GCC_OPTIMIZATION_LEVEL = 0;
				GCC_PREPROCESSOR_DEFINITIONS = (
					"_DEBUG=1",
					"DEBUG=1",
					"JUCE_PROJUCER_VERSION=0x80000",
					"JUCE_MODULE_AVAILABLE_juce_audio_basics=1",
					"JUCE_MODULE_AVAILABLE_juce_audio_devices=1",
					"JUCE_MODULE_AVAILABLE_juce_audio_formats=1",
					"JUCE_MODULE_AVAILABLE_juce_audio_plugin_client=1",
					"JUCE_MODULE_AVAILABLE_juce_audio_processors=1",
					"JUCE_MODULE_AVAILABLE_juce_audio_utils=1",
					"JUCE_MODULE_AVAILABLE_juce_core=1",
					"JUCE_MODULE_AVAILABLE_juce_data_structures=1",
					"JUCE_MODULE_AVAILABLE_juce_dsp=1",
					"JUCE_MODULE_AVAILABLE_juce_events=1",
					"JUCE_MODULE_AVAILABLE_juce_graphics=1",
					"JUCE_MODULE_AVAILABLE_juce_gui_basics=1",
					"JUCE_MODULE_AVAILABLE_juce_gui_extra=1",
					"JUCE_GLOBAL_MODULE_SETTINGS_INCLUDED=1",
					"JUCE_VST3_CAN_REPLACE_VST2=0",
					"JUCE_STRICT_REFCOUNTEDPOINTER=1",
					"JucePlugin_Build_VST=0",
					"JucePlugin_Build_VST3=0",
					"JucePlugin_Build_AU=0",
					"JucePlugin_Build_AUv3=0",
					"JucePlugin_Build_AAX=0",
					"JucePlugin_Build_Standalone=1",
					"JucePlugin_Build_Unity=0",
					"JucePlugin_Build_LV2=0",
					"JucePlugin_Enable_IAA=0",
					"JucePlugin_Enable_ARA=0",
					"JucePlugin_Name=\\\"Delay\\\"",
					"JucePlugin_Desc=\\\"Delay\\\"",
					"JucePlugin_Manufacturer=\\\"epic\\ plugins\\ inc\\\"",
					"JucePlugin_ManufacturerWebsite=\\\"www.epicpluginsinc.com\\\"",
					"JucePlugin_ManufacturerEmail=\\\"\\\"",
					"JucePlugin_ManufacturerCode=0x4d616e75",
					"JucePlugin_PluginCode=0x5561776a",
					"JucePlugin_IsSynth=0",
					"JucePlugin_WantsMidiInput=0",
					"JucePlugin_ProducesMidiOutput=0",
					"JucePlugin_IsMidiEffect=0",
					"JucePlugin_EditorRequiresKeyboardFocus=0",
					"JucePlugin_Version=1.0.0",
					"JucePlugin_VersionCode=0x10000",
					"JucePlugin_VersionString=\\\"1.0.0\\\"",
					"JucePlugin_VSTUniqueID=JucePlugin_PluginCode",
					"JucePlugin_VSTCategory=kPlugCategEffect",
					"JucePlugin_Vst3Category=\\\"Fx\\\"",
					"JucePlugin_AUMainType=\\'aufx\\'",
					"JucePlugin_AUSubType=JucePlugin_PluginCode",
					"JucePlugin_AUExportPrefix=DelayAU",
					"JucePlugin_AUExportPrefixQuoted=\\\"DelayAU\\\"",
					"JucePlugin_AUManufacturerCode=JucePlugin_ManufacturerCode",
					"JucePlugin_CFBundleIdentifier=com.epicpluginsinc.Delay",
					"JucePlugin_AAXIdentifier=com.epicpluginsinc.Delay",
					"JucePlugin_AAXManufacturerCode=JucePlugin_ManufacturerCode",
					"JucePlugin_AAXProductId=JucePlugin_PluginCode",
					"JucePlugin_AAXCategory=0",
					"JucePlugin_AAXDisableBypass=0",
					"JucePlugin_AAXDisableMultiMono=0",
					"JucePlugin_IAAType=0x61757278",
					"JucePlugin_IAASubType=JucePlugin_PluginCode",
					"JucePlugin_IAAName=\\\"epic\\ plugins\\ inc:\\ Delay\\\"",
					"JucePlugin_VSTNumMidiInputs=16",
					"JucePlugin_VSTNumMidiOutputs=16",
					"JucePlugin_ARAContentTypes=0",
					"JucePlugin_ARATransformationFlags=0",
					"JucePlugin_ARAFactoryID=\\\"com.epicpluginsinc.Delay.factory\\\"",
					"JucePlugin_ARADocumentArchiveID=\\\"com.epicpluginsinc.Delay.aradocumentarchive.1.0.0\\\"",
					"JucePlugin_ARACompatibleArchiveIDs=\\\"\\\"",
					"JUCE_STANDALONE_APPLICATION=JucePlugin_Build_Standalone",
					"JUCER_XCODE_MAC_F6D2F4CF=1",
					"JUCE_APP_VERSION=1.0.0",
					"JUCE_APP_VERSION_HEX=0x10000",
				);
				GCC_VERSION = com.apple.compilers.llvm.clang.1_0;
				HEADER_SEARCH_PATHS = (
					"/Users/milanahuja/Documents/JUCE/modules/juce_audio_processors/format_types/VST3_SDK",
					"$(SRCROOT)/../../JuceLibraryCode",
					"/Users/milanahuja/Documents/JUCE/modules",
					"/Users/milanahuja/Documents/JUCE/modules/juce_audio_plugin_client/AU",
					"$(inherited)",
				);
				INFOPLIST_FILE = Info-Standalone_Plugin.plist;
				INFOPLIST_PREPROCESS = NO;
				MACOSX_DEPLOYMENT_TARGET = 10.13;
				MTL_HEADER_SEARCH_PATHS = "/Users/milanahuja/Documents/JUCE/modules/juce_audio_processors/format_types/VST3_SDK $(SRCROOT)/../../JuceLibraryCode /Users/milanahuja/Documents/JUCE/modules /Users/milanahuja/Documents/JUCE/modules/juce_audio_plugin_client/AU";
				OTHER_LDFLAGS = "-lDelay";
				PRODUCT_BUNDLE_IDENTIFIER = com.epicpluginsinc.Delay;
				PRODUCT_NAME = "Delay";
				USE_HEADERMAP = NO;
				VALID_ARCHS = "i386 x86_64 arm64 arm64e";
			};
			name = Debug;
		};
		C6197993E8FB5B205E3130E3 /* Release */ = {
			isa = XCBuildConfiguration;
			buildSettings = {
				CLANG_CXX_LANGUAGE_STANDARD = "c++17";
				CLANG_CXX_LIBRARY = "libc++";
				CLANG_LINK_OBJC_RUNTIME = NO;
				COMBINE_HIDPI_IMAGES = YES;
				CONFIGURATION_BUILD_DIR = "$(PROJECT_DIR)/build/$(CONFIGURATION)";
				DEAD_CODE_STRIPPING = YES;
				EXCLUDED_ARCHS = "";
				GCC_GENERATE_DEBUGGING_SYMBOLS = NO;
				GCC_OPTIMIZATION_LEVEL = 3;
				GCC_PREPROCESSOR_DEFINITIONS = (
					"_NDEBUG=1",
					"NDEBUG=1",
					"JUCE_PROJUCER_VERSION=0x80000",
					"JUCE_MODULE_AVAILABLE_juce_audio_basics=1",
					"JUCE_MODULE_AVAILABLE_juce_audio_devices=1",
					"JUCE_MODULE_AVAILABLE_juce_audio_formats=1",
					"JUCE_MODULE_AVAILABLE_juce_audio_plugin_client=1",
					"JUCE_MODULE_AVAILABLE_juce_audio_processors=1",
					"JUCE_MODULE_AVAILABLE_juce_audio_utils=1",
					"JUCE_MODULE_AVAILABLE_juce_core=1",
					"JUCE_MODULE_AVAILABLE_juce_data_structures=1",
					"JUCE_MODULE_AVAILABLE_juce_dsp=1",
					"JUCE_MODULE_AVAILABLE_juce_events=1",
					"JUCE_MODULE_AVAILABLE_juce_graphics=1",
					"JUCE_MODULE_AVAILABLE_juce_gui_basics=1",
					"JUCE_MODULE_AVAILABLE_juce_gui_extra=1",
					"JUCE_GLOBAL_MODULE_SETTINGS_INCLUDED=1",
					"JUCE_VST3_CAN_REPLACE_VST2=0",
					"JUCE_STRICT_REFCOUNTEDPOINTER=1",
					"JucePlugin_Build_VST=0",
					"JucePlugin_Build_VST3=1",
					"JucePlugin_Build_AU=0",
					"JucePlugin_Build_AUv3=0",
					"JucePlugin_Build_AAX=0",
					"JucePlugin_Build_Standalone=0",
					"JucePlugin_Build_Unity=0",
					"JucePlugin_Build_LV2=0",
					"JucePlugin_Enable_IAA=0",
					"JucePlugin_Enable_ARA=0",
					"JucePlugin_Name=\\\"Delay\\\"",
					"JucePlugin_Desc=\\\"Delay\\\"",
					"JucePlugin_Manufacturer=\\\"epic\\ plugins\\ inc\\\"",
					"JucePlugin_ManufacturerWebsite=\\\"www.epicpluginsinc.com\\\"",
					"JucePlugin_ManufacturerEmail=\\\"\\\"",
					"JucePlugin_ManufacturerCode=0x4d616e75",
					"JucePlugin_PluginCode=0x5561776a",
					"JucePlugin_IsSynth=0",
					"JucePlugin_WantsMidiInput=0",
					"JucePlugin_ProducesMidiOutput=0",
					"JucePlugin_IsMidiEffect=0",
					"JucePlugin_EditorRequiresKeyboardFocus=0",
					"JucePlugin_Version=1.0.0",
					"JucePlugin_VersionCode=0x10000",
					"JucePlugin_VersionString=\\\"1.0.0\\\"",
					"JucePlugin_VSTUniqueID=JucePlugin_PluginCode",
					"JucePlugin_VSTCategory=kPlugCategEffect",
					"JucePlugin_Vst3Category=\\\"Fx\\\"",
					"JucePlugin_AUMainType=\\'aufx\\'",
					"JucePlugin_AUSubType=JucePlugin_PluginCode",
					"JucePlugin_AUExportPrefix=DelayAU",
					"JucePlugin_AUExportPrefixQuoted=\\\"DelayAU\\\"",
					"JucePlugin_AUManufacturerCode=JucePlugin_ManufacturerCode",
					"JucePlugin_CFBundleIdentifier=com.epicpluginsinc.Delay",
					"JucePlugin_AAXIdentifier=com.epicpluginsinc.Delay",
					"JucePlugin_AAXManufacturerCode=JucePlugin_ManufacturerCode",
					"JucePlugin_AAXProductId=JucePlugin_PluginCode",
					"JucePlugin_AAXCategory=0",
					"JucePlugin_AAXDisableBypass=0",
					"JucePlugin_AAXDisableMultiMono=0",
					"JucePlugin_IAAType=0x61757278",
					"JucePlugin_IAASubType=JucePlugin_PluginCode",
					"JucePlugin_IAAName=\\\"epic\\ plugins\\ inc:\\ Delay\\\"",
					"JucePlugin_VSTNumMidiInputs=16",
					"JucePlugin_VSTNumMidiOutputs=16",
					"JucePlugin_ARAContentTypes=0",
					"JucePlugin_ARATransformationFlags=0",
					"JucePlugin_ARAFactoryID=\\\"com.epicpluginsinc.Delay.factory\\\"",
					"JucePlugin_ARADocumentArchiveID=\\\"com.epicpluginsinc.Delay.aradocumentarchive.1.0.0\\\"",
					"JucePlugin_ARACompatibleArchiveIDs=\\\"\\\"",
					"JUCE_STANDALONE_APPLICATION=JucePlugin_Build_Standalone",
					"JUCER_XCODE_MAC_F6D2F4CF=1",
					"JUCE_APP_VERSION=1.0.0",
					"JUCE_APP_VERSION_HEX=0x10000",
				);
				GCC_VERSION = com.apple.compilers.llvm.clang.1_0;
				GENERATE_PKGINFO_FILE = YES;
				HEADER_SEARCH_PATHS = (
					"/Users/milanahuja/Documents/JUCE/modules/juce_audio_processors/format_types/VST3_SDK",
					"$(SRCROOT)/../../JuceLibraryCode",
					"/Users/milanahuja/Documents/JUCE/modules",
					"/Users/milanahuja/Documents/JUCE/modules/juce_audio_plugin_client/AU",
					"$(inherited)",
				);
				INFOPLIST_FILE = Info-VST3.plist;
				INFOPLIST_PREPROCESS = NO;
				INSTALL_PATH = "$(HOME)/Library/Audio/Plug-Ins/VST3/";
				LIBRARY_STYLE = Bundle;
				LLVM_LTO = YES;
				MACOSX_DEPLOYMENT_TARGET = 10.13;
				MTL_HEADER_SEARCH_PATHS = "/Users/milanahuja/Documents/JUCE/modules/juce_audio_processors/format_types/VST3_SDK $(SRCROOT)/../../JuceLibraryCode /Users/milanahuja/Documents/JUCE/modules /Users/milanahuja/Documents/JUCE/modules/juce_audio_plugin_client/AU";
				OTHER_LDFLAGS = "-bundle -lDelay";
				PRODUCT_BUNDLE_IDENTIFIER = com.epicpluginsinc.Delay;
				PRODUCT_NAME = "Delay";
				USE_HEADERMAP = NO;
				VALID_ARCHS = "i386 x86_64 arm64 arm64e";
				WRAPPER_EXTENSION = vst3;
			};
			name = Release;
		};
		D3D21390CBFFB958FBA23716 /* Debug */ = {
			isa = XCBuildConfiguration;
			buildSettings = {
				CLANG_CXX_LANGUAGE_STANDARD = "c++17";
				CLANG_CXX_LIBRARY = "libc++";
				CLANG_LINK_OBJC_RUNTIME = NO;
				COMBINE_HIDPI_IMAGES = YES;
				CONFIGURATION_BUILD_DIR = "$(PROJECT_DIR)/build/$(CONFIGURATION)";
				COPY_PHASE_STRIP = NO;
				EXCLUDED_ARCHS = "";
				GCC_DYNAMIC_NO_PIC = NO;
				GCC_OPTIMIZATION_LEVEL = 0;
				GCC_PREPROCESSOR_DEFINITIONS = (
					"_DEBUG=1",
					"DEBUG=1",
					"JUCE_PROJUCER_VERSION=0x80000",
					"JUCE_MODULE_AVAILABLE_juce_audio_basics=1",
					"JUCE_MODULE_AVAILABLE_juce_audio_devices=1",
					"JUCE_MODULE_AVAILABLE_juce_audio_formats=1",
					"JUCE_MODULE_AVAILABLE_juce_audio_plugin_client=1",
					"JUCE_MODULE_AVAILABLE_juce_audio_processors=1",
					"JUCE_MODULE_AVAILABLE_juce_audio_utils=1",
					"JUCE_MODULE_AVAILABLE_juce_core=1",
					"JUCE_MODULE_AVAILABLE_juce_data_structures=1",
					"JUCE_MODULE_AVAILABLE_juce_dsp=1",
					"JUCE_MODULE_AVAILABLE_juce_events=1",
					"JUCE_MODULE_AVAILABLE_juce_graphics=1",
					"JUCE_MODULE_AVAILABLE_juce_gui_basics=1",
					"JUCE_MODULE_AVAILABLE_juce_gui_extra=1",
					"JUCE_GLOBAL_MODULE_SETTINGS_INCLUDED=1",
					"JUCE_VST3_CAN_REPLACE_VST2=0",
					"JUCE_STRICT_REFCOUNTEDPOINTER=1",
					"JucePlugin_Build_VST=0",
					"JucePlugin_Build_VST3=1",
					"JucePlugin_Build_AU=0",
					"JucePlugin_Build_AUv3=0",
					"JucePlugin_Build_AAX=0",
					"JucePlugin_Build_Standalone=0",
					"JucePlugin_Build_Unity=0",
					"JucePlugin_Build_LV2=0",
					"JucePlugin_Enable_IAA=0",
					"JucePlugin_Enable_ARA=0",
					"JucePlugin_Name=\\\"Delay\\\"",
					"JucePlugin_Desc=\\\"Delay\\\"",
					"JucePlugin_Manufacturer=\\\"epic\\ plugins\\ inc\\\"",
					"JucePlugin_ManufacturerWebsite=\\\"www.epicpluginsinc.com\\\"",
					"JucePlugin_ManufacturerEmail=\\\"\\\"",
					"JucePlugin_ManufacturerCode=0x4d616e75",
					"JucePlugin_PluginCode=0x5561776a",
					"JucePlugin_IsSynth=0",
					"JucePlugin_WantsMidiInput=0",
					"JucePlugin_ProducesMidiOutput=0",
					"JucePlugin_IsMidiEffect=0",
					"JucePlugin_EditorRequiresKeyboardFocus=0",
					"JucePlugin_Version=1.0.0",
					"JucePlugin_VersionCode=0x10000",
					"JucePlugin_VersionString=\\\"1.0.0\\\"",
					"JucePlugin_VSTUniqueID=JucePlugin_PluginCode",
					"JucePlugin_VSTCategory=kPlugCategEffect",
					"JucePlugin_Vst3Category=\\\"Fx\\\"",
					"JucePlugin_AUMainType=\\'aufx\\'",
					"JucePlugin_AUSubType=JucePlugin_PluginCode",
					"JucePlugin_AUExportPrefix=DelayAU",
					"JucePlugin_AUExportPrefixQuoted=\\\"DelayAU\\\"",
					"JucePlugin_AUManufacturerCode=JucePlugin_ManufacturerCode",
					"JucePlugin_CFBundleIdentifier=com.epicpluginsinc.Delay",
					"JucePlugin_AAXIdentifier=com.epicpluginsinc.Delay",
					"JucePlugin_AAXManufacturerCode=JucePlugin_ManufacturerCode",
					"JucePlugin_AAXProductId=JucePlugin_PluginCode",
					"JucePlugin_AAXCategory=0",
					"JucePlugin_AAXDisableBypass=0",
					"JucePlugin_AAXDisableMultiMono=0",
					"JucePlugin_IAAType=0x61757278",
					"JucePlugin_IAASubType=JucePlugin_PluginCode",
					"JucePlugin_IAAName=\\\"epic\\ plugins\\ inc:\\ Delay\\\"",
					"JucePlugin_VSTNumMidiInputs=16",
					"JucePlugin_VSTNumMidiOutputs=16",
					"JucePlugin_ARAContentTypes=0",
					"JucePlugin_ARATransformationFlags=0",
					"JucePlugin_ARAFactoryID=\\\"com.epicpluginsinc.Delay.factory\\\"",
					"JucePlugin_ARADocumentArchiveID=\\\"com.epicpluginsinc.Delay.aradocumentarchive.1.0.0\\\"",
					"JucePlugin_ARACompatibleArchiveIDs=\\\"\\\"",
					"JUCE_STANDALONE_APPLICATION=JucePlugin_Build_Standalone",
					"JUCER_XCODE_MAC_F6D2F4CF=1",
					"JUCE_APP_VERSION=1.0.0",
					"JUCE_APP_VERSION_HEX=0x10000",
				);
				GCC_VERSION = com.apple.compilers.llvm.clang.1_0;
				GENERATE_PKGINFO_FILE = YES;
				HEADER_SEARCH_PATHS = (
					"/Users/milanahuja/Documents/JUCE/modules/juce_audio_processors/format_types/VST3_SDK",
					"$(SRCROOT)/../../JuceLibraryCode",
					"/Users/milanahuja/Documents/JUCE/modules",
					"/Users/milanahuja/Documents/JUCE/modules/juce_audio_plugin_client/AU",
					"$(inherited)",
				);
				INFOPLIST_FILE = Info-VST3.plist;
				INFOPLIST_PREPROCESS = NO;
				INSTALL_PATH = "$(HOME)/Library/Audio/Plug-Ins/VST3/";
				LIBRARY_STYLE = Bundle;
				MACOSX_DEPLOYMENT_TARGET = 10.13;
				MTL_HEADER_SEARCH_PATHS = "/Users/milanahuja/Documents/JUCE/modules/juce_audio_processors/format_types/VST3_SDK $(SRCROOT)/../../JuceLibraryCode /Users/milanahuja/Documents/JUCE/modules /Users/milanahuja/Documents/JUCE/modules/juce_audio_plugin_client/AU";
				OTHER_LDFLAGS = "-bundle -lDelay";
				PRODUCT_BUNDLE_IDENTIFIER = com.epicpluginsinc.Delay;
				PRODUCT_NAME = "Delay";
				USE_HEADERMAP = NO;
				VALID_ARCHS = "i386 x86_64 arm64 arm64e";
				WRAPPER_EXTENSION = vst3;
			};
			name = Debug;
		};
		EDC5F2BBB6E1E26F012B7EE7 /* Debug */ = {
			isa = XCBuildConfiguration;
			buildSettings = {
				ALWAYS_SEARCH_USER_PATHS = NO;
				CLANG_ENABLE_OBJC_WEAK = YES;
				CLANG_WARN_BLOCK_CAPTURE_AUTORELEASING = YES;
				CLANG_WARN_BOOL_CONVERSION = YES;
				CLANG_WARN_COMMA = YES;
				CLANG_WARN_CONSTANT_CONVERSION = YES;
				CLANG_WARN_DEPRECATED_OBJC_IMPLEMENTATIONS = YES;
				CLANG_WARN_EMPTY_BODY = YES;
				CLANG_WARN_ENUM_CONVERSION = YES;
				CLANG_WARN_INFINITE_RECURSION = YES;
				CLANG_WARN_INT_CONVERSION = YES;
				CLANG_WARN_NON_LITERAL_NULL_CONVERSION = YES;
				CLANG_WARN_OBJC_IMPLICIT_RETAIN_SELF = YES;
				CLANG_WARN_OBJC_LITERAL_CONVERSION = YES;
				CLANG_WARN_RANGE_LOOP_ANALYSIS = YES;
				CLANG_WARN_STRICT_PROTOTYPES = YES;
				CLANG_WARN_SUSPICIOUS_MOVE = YES;
				CLANG_WARN_UNREACHABLE_CODE = YES;
				CLANG_WARN__DUPLICATE_METHOD_MATCH = YES;
				DEBUG_INFORMATION_FORMAT = dwarf;
				ENABLE_STRICT_OBJC_MSGSEND = YES;
				ENABLE_TESTABILITY = NO;
				GCC_C_LANGUAGE_STANDARD = c11;
				GCC_INLINES_ARE_PRIVATE_EXTERN = YES;
				GCC_MODEL_TUNING = G5;
				GCC_NO_COMMON_BLOCKS = YES;
				GCC_SYMBOLS_PRIVATE_EXTERN = YES;
				GCC_WARN_64_TO_32_BIT_CONVERSION = YES;
				GCC_WARN_ABOUT_RETURN_TYPE = YES;
				GCC_WARN_CHECK_SWITCH_STATEMENTS = YES;
				GCC_WARN_MISSING_PARENTHESES = YES;
				GCC_WARN_NON_VIRTUAL_DESTRUCTOR = YES;
				GCC_WARN_TYPECHECK_CALLS_TO_PRINTF = YES;
				GCC_WARN_UNDECLARED_SELECTOR = YES;
				GCC_WARN_UNINITIALIZED_AUTOS = YES;
				GCC_WARN_UNUSED_FUNCTION = YES;
				GCC_WARN_UNUSED_VARIABLE = YES;
				ONLY_ACTIVE_ARCH = YES;
				OTHER_CODE_SIGN_FLAGS = --timestamp;
				PRODUCT_NAME = "Delay";
				SDKROOT = macosx;
				WARNING_CFLAGS = "-Wreorder";
				ZERO_LINK = NO;
			};
			name = Debug;
		};
		FD0D5899ED6DD9FC6EBD055D /* Debug */ = {
			isa = XCBuildConfiguration;
			buildSettings = {
				CLANG_CXX_LANGUAGE_STANDARD = "c++17";
				CLANG_CXX_LIBRARY = "libc++";
				CLANG_LINK_OBJC_RUNTIME = NO;
				COMBINE_HIDPI_IMAGES = YES;
				CONFIGURATION_BUILD_DIR = "$(PROJECT_DIR)/build/$(CONFIGURATION)";
				COPY_PHASE_STRIP = NO;
				EXCLUDED_ARCHS = "";
				GCC_DYNAMIC_NO_PIC = NO;
				GCC_OPTIMIZATION_LEVEL = 0;
				GCC_PREPROCESSOR_DEFINITIONS = (
					"_DEBUG=1",
					"DEBUG=1",
					"JUCE_PROJUCER_VERSION=0x80000",
					"JUCE_MODULE_AVAILABLE_juce_audio_basics=1",
					"JUCE_MODULE_AVAILABLE_juce_audio_devices=1",
					"JUCE_MODULE_AVAILABLE_juce_audio_formats=1",
					"JUCE_MODULE_AVAILABLE_juce_audio_plugin_client=1",
					"JUCE_MODULE_AVAILABLE_juce_audio_processors=1",
					"JUCE_MODULE_AVAILABLE_juce_audio_utils=1",
					"JUCE_MODULE_AVAILABLE_juce_core=1",
					"JUCE_MODULE_AVAILABLE_juce_data_structures=1",
					"JUCE_MODULE_AVAILABLE_juce_dsp=1",
					"JUCE_MODULE_AVAILABLE_juce_events=1",
					"JUCE_MODULE_AVAILABLE_juce_graphics=1",
					"JUCE_MODULE_AVAILABLE_juce_gui_basics=1",
					"JUCE_MODULE_AVAILABLE_juce_gui_extra=1",
					"JUCE_GLOBAL_MODULE_SETTINGS_INCLUDED=1",
					"JUCE_VST3_CAN_REPLACE_VST2=0",
					"JUCE_STRICT_REFCOUNTEDPOINTER=1",
					"JucePlugin_Build_VST=0",
					"JucePlugin_Build_VST3=1",
					"JucePlugin_Build_AU=1",
					"JucePlugin_Build_AUv3=0",
					"JucePlugin_Build_AAX=0",
					"JucePlugin_Build_Standalone=1",
					"JucePlugin_Build_Unity=0",
					"JucePlugin_Build_LV2=0",
					"JucePlugin_Enable_IAA=0",
					"JucePlugin_Enable_ARA=0",
					"JucePlugin_Name=\\\"Delay\\\"",
					"JucePlugin_Desc=\\\"Delay\\\"",
					"JucePlugin_Manufacturer=\\\"epic\\ plugins\\ inc\\\"",
					"JucePlugin_ManufacturerWebsite=\\\"www.epicpluginsinc.com\\\"",
					"JucePlugin_ManufacturerEmail=\\\"\\\"",
					"JucePlugin_ManufacturerCode=0x4d616e75",
					"JucePlugin_PluginCode=0x5561776a",
					"JucePlugin_IsSynth=0",
					"JucePlugin_WantsMidiInput=0",
					"JucePlugin_ProducesMidiOutput=0",
					"JucePlugin_IsMidiEffect=0",
					"JucePlugin_EditorRequiresKeyboardFocus=0",
					"JucePlugin_Version=1.0.0",
					"JucePlugin_VersionCode=0x10000",
					"JucePlugin_VersionString=\\\"1.0.0\\\"",
					"JucePlugin_VSTUniqueID=JucePlugin_PluginCode",
					"JucePlugin_VSTCategory=kPlugCategEffect",
					"JucePlugin_Vst3Category=\\\"Fx\\\"",
					"JucePlugin_AUMainType=\\'aufx\\'",
					"JucePlugin_AUSubType=JucePlugin_PluginCode",
					"JucePlugin_AUExportPrefix=DelayAU",
					"JucePlugin_AUExportPrefixQuoted=\\\"DelayAU\\\"",
					"JucePlugin_AUManufacturerCode=JucePlugin_ManufacturerCode",
					"JucePlugin_CFBundleIdentifier=com.epicpluginsinc.Delay",
					"JucePlugin_AAXIdentifier=com.epicpluginsinc.Delay",
					"JucePlugin_AAXManufacturerCode=JucePlugin_ManufacturerCode",
					"JucePlugin_AAXProductId=JucePlugin_PluginCode",
					"JucePlugin_AAXCategory=0",
					"JucePlugin_AAXDisableBypass=0",
					"JucePlugin_AAXDisableMultiMono=0",
					"JucePlugin_IAAType=0x61757278",
					"JucePlugin_IAASubType=JucePlugin_PluginCode",
					"JucePlugin_IAAName=\\\"epic\\ plugins\\ inc:\\ Delay\\\"",
					"JucePlugin_VSTNumMidiInputs=16",
					"JucePlugin_VSTNumMidiOutputs=16",
					"JucePlugin_ARAContentTypes=0",
					"JucePlugin_ARATransformationFlags=0",
					"JucePlugin_ARAFactoryID=\\\"com.epicpluginsinc.Delay.factory\\\"",
					"JucePlugin_ARADocumentArchiveID=\\\"com.epicpluginsinc.Delay.aradocumentarchive.1.0.0\\\"",
					"JucePlugin_ARACompatibleArchiveIDs=\\\"\\\"",
					"JUCE_STANDALONE_APPLICATION=JucePlugin_Build_Standalone",
					"JUCER_XCODE_MAC_F6D2F4CF=1",
					"JUCE_APP_VERSION=1.0.0",
					"JUCE_APP_VERSION_HEX=0x10000",
					"JUCE_SHARED_CODE=1",
				);
				GCC_VERSION = com.apple.compilers.llvm.clang.1_0;
				HEADER_SEARCH_PATHS = (
					"/Users/milanahuja/Documents/JUCE/modules/juce_audio_processors/format_types/VST3_SDK",
					"$(SRCROOT)/../../JuceLibraryCode",
					"/Users/milanahuja/Documents/JUCE/modules",
					"/Users/milanahuja/Documents/JUCE/modules/juce_audio_plugin_client/AU",
					"$(inherited)",
				);
				INSTALL_PATH = "@executable_path/../Frameworks";
				MACOSX_DEPLOYMENT_TARGET = 10.13;
				MTL_HEADER_SEARCH_PATHS = "/Users/milanahuja/Documents/JUCE/modules/juce_audio_processors/format_types/VST3_SDK $(SRCROOT)/../../JuceLibraryCode /Users/milanahuja/Documents/JUCE/modules /Users/milanahuja/Documents/JUCE/modules/juce_audio_plugin_client/AU";
				PRODUCT_BUNDLE_IDENTIFIER = com.epicpluginsinc.Delay;
				PRODUCT_NAME = "Delay";
				SKIP_INSTALL = YES;
				USE_HEADERMAP = NO;
				VALID_ARCHS = "i386 x86_64 arm64 arm64e";
			};
			name = Debug;
		};
/* End XCBuildConfiguration section */

/* Begin XCConfigurationList section */
		2D0287A2551459EA98F68974 = {
			isa = XCConfigurationList;
			buildConfigurations = (
				236EA2430AC87FABFF974A88,
				EDC5F2BBB6E1E26F012B7EE7,
			);
			defaultConfigurationIsVisible = 0;
			defaultConfigurationName = Debug;
		};
		A430510E8A5CDAC7363C9CA1 = {
			isa = XCConfigurationList;
			buildConfigurations = (
				FD0D5899ED6DD9FC6EBD055D,
				50956B8BFF6FB32EB867891C,
			);
			defaultConfigurationIsVisible = 0;
			defaultConfigurationName = Debug;
		};
		A7E739ED9956870C18F44773 = {
			isa = XCConfigurationList;
			buildConfigurations = (
				BD4F9A1EF7702BBD3898A897,
				2E3E4B5F5438076AF26E17FA,
			);
			defaultConfigurationIsVisible = 0;
			defaultConfigurationName = Debug;
		};
		BF0EB11E55DA86F3371CAAD9 = {
			isa = XCConfigurationList;
			buildConfigurations = (
				D3D21390CBFFB958FBA23716,
				C6197993E8FB5B205E3130E3,
			);
			defaultConfigurationIsVisible = 0;
			defaultConfigurationName = Debug;
		};
		CD5298FFCCCA9570A1DCF3C7 = {
			isa = XCConfigurationList;
			buildConfigurations = (
				659401AF8332CD57BC2A7960,
				9F8165D99415E3C35CA488E9,
			);
			defaultConfigurationIsVisible = 0;
			defaultConfigurationName = Debug;
		};
		D8B188DB55661427D22D49A7 = {
			isa = XCConfigurationList;
			buildConfigurations = (
				7E382F7EEC19BC8642A799E9,
				1996AFB73517A368EB2EE499,
			);
			defaultConfigurationIsVisible = 0;
			defaultConfigurationName = Debug;
		};
		EB5D737BADF6EA7CA1FAAD04 = {
			isa = XCConfigurationList;
			buildConfigurations = (
				30F743CFABAB0043C334EA15,
				B3F70E97B57147ACE9EB8D1A,
			);
			defaultConfigurationIsVisible = 0;
			defaultConfigurationName = Debug;
		};
/* End XCConfigurationList section */
	};
	rootObject = 688301AAE24625FD327561E0 /* Project object */;
}
